PODS:
  - InstantSearchClient (6.3.0)
  - InstantSearchCore (4.0.0):
    - InstantSearchClient (~> 6.0)
    - Signals (~> 6.0)
  - Signals (6.0.0)

DEPENDENCIES:
  - InstantSearchClient (from `/Users/guydaher/Developer/Algolia/iOS/algoliasearch-client-swift`)
  - InstantSearchCore (from `/Users/guydaher/Developer/Algolia/iOS/instantsearch-core-swift`)

SPEC REPOS:
  https://github.com/cocoapods/specs.git:
    - Signals

EXTERNAL SOURCES:
  InstantSearchClient:
    :path: "/Users/guydaher/Developer/Algolia/iOS/algoliasearch-client-swift"
  InstantSearchCore:
    :path: "/Users/guydaher/Developer/Algolia/iOS/instantsearch-core-swift"

SPEC CHECKSUMS:
  InstantSearchClient: fa633b6c723c2e8e7f709b51164cd8a83cf906d5
  InstantSearchCore: 0c21e6f540cbf9850f37c79b8fa2d9100349f85b
  Signals: eca6a9098b40ed5f8d8b60498d0e91168fa7c0cc

PODFILE CHECKSUM: db18fb87db0fce325fea01de310caff4ea476576

COCOAPODS: 1.6.0.beta.2
