// !$*UTF8*$!
{
	archiveVersion = 1;
	classes = {
	};
	objectVersion = 50;
	objects = {

/* Begin PBXBuildFile section */
		9BE878203D48991B58641B3C /* Pods_development_pods_instantsearchTests.framework in Frameworks */ = {isa = PBXBuildFile; fileRef = A3124C071D3F19C1B835884C /* Pods_development_pods_instantsearchTests.framework */; };
		A174DB7FFFE740D94F373ED6 /* Pods_development_pods_instantsearch.framework in Frameworks */ = {isa = PBXBuildFile; fileRef = BE4725361587DFDC81F01BCB /* Pods_development_pods_instantsearch.framework */; };
		AF06184522E9EF2D00FDBAAE /* MultiIndexSnippetViewController.swift in Sources */ = {isa = PBXBuildFile; fileRef = AF06184422E9EF2D00FDBAAE /* MultiIndexSnippetViewController.swift */; };
		AF06184C22E9F94200FDBAAE /* SingleIndexSnippetViewController.swift in Sources */ = {isa = PBXBuildFile; fileRef = AF06184B22E9F94200FDBAAE /* SingleIndexSnippetViewController.swift */; };
		AF21EE9E22B26187004A0542 /* StatsDemoViewController.swift in Sources */ = {isa = PBXBuildFile; fileRef = AF21EE9D22B26187004A0542 /* StatsDemoViewController.swift */; };
		AF21EEC122B78F89004A0542 /* HighlightingDemoViewController.swift in Sources */ = {isa = PBXBuildFile; fileRef = AF21EEC022B78F89004A0542 /* HighlightingDemoViewController.swift */; };
		AF21EEC322B94F40004A0542 /* MovieCollectionViewCell.swift in Sources */ = {isa = PBXBuildFile; fileRef = AF21EEC222B94F40004A0542 /* MovieCollectionViewCell.swift */; };
		AF21EEC522B94F54004A0542 /* ActorCollectionViewCell.swift in Sources */ = {isa = PBXBuildFile; fileRef = AF21EEC422B94F54004A0542 /* ActorCollectionViewCell.swift */; };
		AF21EEC722B95716004A0542 /* MovieCell.swift in Sources */ = {isa = PBXBuildFile; fileRef = AF21EEC622B95716004A0542 /* MovieCell.swift */; };
		AF21EEC922B9572C004A0542 /* MovieTableViewCell.swift in Sources */ = {isa = PBXBuildFile; fileRef = AF21EEC822B9572C004A0542 /* MovieTableViewCell.swift */; };
		AF21EECB22B9574E004A0542 /* UIView+Layout.swift in Sources */ = {isa = PBXBuildFile; fileRef = AF21EECA22B9574E004A0542 /* UIView+Layout.swift */; };
		AF21EECD22BA3B83004A0542 /* RefinementPersistentListDemoViewController.swift in Sources */ = {isa = PBXBuildFile; fileRef = AF21EECC22BA3B83004A0542 /* RefinementPersistentListDemoViewController.swift */; };
		AF21EED922C21788004A0542 /* LoadingDemoViewController.swift in Sources */ = {isa = PBXBuildFile; fileRef = AF21EED822C21788004A0542 /* LoadingDemoViewController.swift */; };
		AF536C35227C78AD006DAE84 /* ToggleDemoViewController.swift in Sources */ = {isa = PBXBuildFile; fileRef = AF536C34227C78AD006DAE84 /* ToggleDemoViewController.swift */; };
		AF536C37227C7C79006DAE84 /* RefinementListDemoViewController.swift in Sources */ = {isa = PBXBuildFile; fileRef = AF536C36227C7C79006DAE84 /* RefinementListDemoViewController.swift */; };
		AF536C392280671B006DAE84 /* DemoHelper.swift in Sources */ = {isa = PBXBuildFile; fileRef = AF536C382280671B006DAE84 /* DemoHelper.swift */; };
		AF5D103822F476DC00DE13AA /* HitsTableViewController.swift in Sources */ = {isa = PBXBuildFile; fileRef = AFDF275322B243B200BA08CB /* HitsTableViewController.swift */; };
		AF6778B622FB27FE00850ACC /* FacetListTableController.swift in Sources */ = {isa = PBXBuildFile; fileRef = E265DBED2273341D002DC989 /* FacetListTableController.swift */; };
		AF939675229700D500757257 /* FilterStateViewController.swift in Sources */ = {isa = PBXBuildFile; fileRef = AF939674229700D500757257 /* FilterStateViewController.swift */; };
		AF939694229848B700757257 /* SearchStateViewController.swift in Sources */ = {isa = PBXBuildFile; fileRef = AF939693229848B700757257 /* SearchStateViewController.swift */; };
		AF939696229A917B00757257 /* DemoListViewController.swift in Sources */ = {isa = PBXBuildFile; fileRef = AF939695229A917B00757257 /* DemoListViewController.swift */; };
		AF939698229AC58900757257 /* FilterListDemoViewController.swift in Sources */ = {isa = PBXBuildFile; fileRef = AF939697229AC58900757257 /* FilterListDemoViewController.swift */; };
		AFDF274622B0FE9200BA08CB /* ToggleDefaultDemoViewController.swift in Sources */ = {isa = PBXBuildFile; fileRef = AFDF274522B0FE9200BA08CB /* ToggleDefaultDemoViewController.swift */; };
		AFDF274822B13E1700BA08CB /* Movie.swift in Sources */ = {isa = PBXBuildFile; fileRef = AFDF274722B13E1700BA08CB /* Movie.swift */; };
		AFDF274A22B13E3A00BA08CB /* Actor.swift in Sources */ = {isa = PBXBuildFile; fileRef = AFDF274922B13E3A00BA08CB /* Actor.swift */; };
		AFDF274C22B13E9300BA08CB /* CellConfigurator.swift in Sources */ = {isa = PBXBuildFile; fileRef = AFDF274B22B13E9300BA08CB /* CellConfigurator.swift */; };
		AFDF274E22B1493700BA08CB /* UITableView+Convenience.swift in Sources */ = {isa = PBXBuildFile; fileRef = AFDF274D22B1493700BA08CB /* UITableView+Convenience.swift */; };
		AFDF275222B23EB100BA08CB /* SearchInputDemoViewController.swift in Sources */ = {isa = PBXBuildFile; fileRef = AFDF275122B23EB100BA08CB /* SearchInputDemoViewController.swift */; };
		AFE343872289C4B300829AC1 /* SegmentedDemoViewController.swift in Sources */ = {isa = PBXBuildFile; fileRef = AFE343862289C4B300829AC1 /* SegmentedDemoViewController.swift */; };
		AFE6E3D522ACF585005BA44D /* MultiIndexDemoViewController.swift in Sources */ = {isa = PBXBuildFile; fileRef = AFE6E3D422ACF585005BA44D /* MultiIndexDemoViewController.swift */; };
		E20E6D1C22A805AC00AC81BC /* FilterNumericComparisonDemoViewController.swift in Sources */ = {isa = PBXBuildFile; fileRef = E20E6D1B22A805AC00AC81BC /* FilterNumericComparisonDemoViewController.swift */; };
		E2146BE222B251B900927350 /* TagListViewController.swift in Sources */ = {isa = PBXBuildFile; fileRef = E2146BE122B251B900927350 /* TagListViewController.swift */; };
		E2146BEE22B2A18E00927350 /* ClearFiltersDemoViewController.swift in Sources */ = {isa = PBXBuildFile; fileRef = E2146BED22B2A18E00927350 /* ClearFiltersDemoViewController.swift */; };
		E2146C1022B3DADE00927350 /* FilterNumericRangeDemoViewController.swift in Sources */ = {isa = PBXBuildFile; fileRef = E2146C0F22B3DADE00927350 /* FilterNumericRangeDemoViewController.swift */; };
		E2146C1222B3DE4400927350 /* NumericRangeController.swift in Sources */ = {isa = PBXBuildFile; fileRef = E2146C1122B3DE4400927350 /* NumericRangeController.swift */; };
		E24DC9D1222EB72B006F1EED /* AppDelegate.swift in Sources */ = {isa = PBXBuildFile; fileRef = E24DC9D0222EB72B006F1EED /* AppDelegate.swift */; };
		E24DC9D3222EB72B006F1EED /* SingleIndexDemoViewController.swift in Sources */ = {isa = PBXBuildFile; fileRef = E24DC9D2222EB72B006F1EED /* SingleIndexDemoViewController.swift */; };
		E24DC9D8222EB72B006F1EED /* Main.storyboard in Resources */ = {isa = PBXBuildFile; fileRef = E24DC9D6222EB72B006F1EED /* Main.storyboard */; };
		E24DC9DA222EB72C006F1EED /* Assets.xcassets in Resources */ = {isa = PBXBuildFile; fileRef = E24DC9D9222EB72C006F1EED /* Assets.xcassets */; };
		E24DC9DD222EB72C006F1EED /* LaunchScreen.storyboard in Resources */ = {isa = PBXBuildFile; fileRef = E24DC9DB222EB72C006F1EED /* LaunchScreen.storyboard */; };
		E24DC9E8222EB72C006F1EED /* development_pods_instantsearchTests.swift in Sources */ = {isa = PBXBuildFile; fileRef = E24DC9E7222EB72C006F1EED /* development_pods_instantsearchTests.swift */; };
		E25D634E22D37144008CD0FD /* HierarchicalDemoViewController.swift in Sources */ = {isa = PBXBuildFile; fileRef = E25D634D22D37144008CD0FD /* HierarchicalDemoViewController.swift */; };
		E2B03F67229541F500DBE6D3 /* FacetSearchDemoViewController.swift in Sources */ = {isa = PBXBuildFile; fileRef = E2B03F66229541F500DBE6D3 /* FacetSearchDemoViewController.swift */; };
		E2E09E3D223276C800F3056D /* Helpers.swift in Sources */ = {isa = PBXBuildFile; fileRef = E2E09E3C223276C800F3056D /* Helpers.swift */; };
		E2EBE74222B15B0A00B91B23 /* CurrentFiltersDemoViewController.swift in Sources */ = {isa = PBXBuildFile; fileRef = E2EBE74122B15B0A00B91B23 /* CurrentFiltersDemoViewController.swift */; };
		E2EFA5D922A94ADF008C9CAA /* IndexSegmentDemoViewController.swift in Sources */ = {isa = PBXBuildFile; fileRef = E2EFA5D822A94ADF008C9CAA /* IndexSegmentDemoViewController.swift */; };
/* End PBXBuildFile section */

/* Begin PBXContainerItemProxy section */
		E24DC9E4222EB72C006F1EED /* PBXContainerItemProxy */ = {
			isa = PBXContainerItemProxy;
			containerPortal = E24DC9C5222EB72B006F1EED /* Project object */;
			proxyType = 1;
			remoteGlobalIDString = E24DC9CC222EB72B006F1EED;
			remoteInfo = "development-pods-instantsearch";
		};
/* End PBXContainerItemProxy section */

/* Begin PBXFileReference section */
		38057E60EE4A921AB878A260 /* Pods-development-pods-instantsearch.release.xcconfig */ = {isa = PBXFileReference; includeInIndex = 1; lastKnownFileType = text.xcconfig; name = "Pods-development-pods-instantsearch.release.xcconfig"; path = "Target Support Files/Pods-development-pods-instantsearch/Pods-development-pods-instantsearch.release.xcconfig"; sourceTree = "<group>"; };
		6CF06BA2662866DC7F8CA6D5 /* Pods-development-pods-instantsearchTests.release.xcconfig */ = {isa = PBXFileReference; includeInIndex = 1; lastKnownFileType = text.xcconfig; name = "Pods-development-pods-instantsearchTests.release.xcconfig"; path = "Target Support Files/Pods-development-pods-instantsearchTests/Pods-development-pods-instantsearchTests.release.xcconfig"; sourceTree = "<group>"; };
		A3124C071D3F19C1B835884C /* Pods_development_pods_instantsearchTests.framework */ = {isa = PBXFileReference; explicitFileType = wrapper.framework; includeInIndex = 0; path = Pods_development_pods_instantsearchTests.framework; sourceTree = BUILT_PRODUCTS_DIR; };
		AF06184422E9EF2D00FDBAAE /* MultiIndexSnippetViewController.swift */ = {isa = PBXFileReference; lastKnownFileType = sourcecode.swift; path = MultiIndexSnippetViewController.swift; sourceTree = "<group>"; };
		AF06184B22E9F94200FDBAAE /* SingleIndexSnippetViewController.swift */ = {isa = PBXFileReference; lastKnownFileType = sourcecode.swift; path = SingleIndexSnippetViewController.swift; sourceTree = "<group>"; };
		AF21EE9D22B26187004A0542 /* StatsDemoViewController.swift */ = {isa = PBXFileReference; lastKnownFileType = sourcecode.swift; path = StatsDemoViewController.swift; sourceTree = "<group>"; };
		AF21EEC022B78F89004A0542 /* HighlightingDemoViewController.swift */ = {isa = PBXFileReference; lastKnownFileType = sourcecode.swift; path = HighlightingDemoViewController.swift; sourceTree = "<group>"; };
		AF21EEC222B94F40004A0542 /* MovieCollectionViewCell.swift */ = {isa = PBXFileReference; lastKnownFileType = sourcecode.swift; path = MovieCollectionViewCell.swift; sourceTree = "<group>"; };
		AF21EEC422B94F54004A0542 /* ActorCollectionViewCell.swift */ = {isa = PBXFileReference; lastKnownFileType = sourcecode.swift; path = ActorCollectionViewCell.swift; sourceTree = "<group>"; };
		AF21EEC622B95716004A0542 /* MovieCell.swift */ = {isa = PBXFileReference; lastKnownFileType = sourcecode.swift; path = MovieCell.swift; sourceTree = "<group>"; };
		AF21EEC822B9572C004A0542 /* MovieTableViewCell.swift */ = {isa = PBXFileReference; lastKnownFileType = sourcecode.swift; path = MovieTableViewCell.swift; sourceTree = "<group>"; };
		AF21EECA22B9574E004A0542 /* UIView+Layout.swift */ = {isa = PBXFileReference; lastKnownFileType = sourcecode.swift; path = "UIView+Layout.swift"; sourceTree = "<group>"; };
		AF21EECC22BA3B83004A0542 /* RefinementPersistentListDemoViewController.swift */ = {isa = PBXFileReference; lastKnownFileType = sourcecode.swift; path = RefinementPersistentListDemoViewController.swift; sourceTree = "<group>"; };
		AF21EED822C21788004A0542 /* LoadingDemoViewController.swift */ = {isa = PBXFileReference; lastKnownFileType = sourcecode.swift; path = LoadingDemoViewController.swift; sourceTree = "<group>"; };
		AF536C34227C78AD006DAE84 /* ToggleDemoViewController.swift */ = {isa = PBXFileReference; lastKnownFileType = sourcecode.swift; path = ToggleDemoViewController.swift; sourceTree = "<group>"; };
		AF536C36227C7C79006DAE84 /* RefinementListDemoViewController.swift */ = {isa = PBXFileReference; lastKnownFileType = sourcecode.swift; path = RefinementListDemoViewController.swift; sourceTree = "<group>"; };
		AF536C382280671B006DAE84 /* DemoHelper.swift */ = {isa = PBXFileReference; lastKnownFileType = sourcecode.swift; path = DemoHelper.swift; sourceTree = "<group>"; };
		AF939674229700D500757257 /* FilterStateViewController.swift */ = {isa = PBXFileReference; lastKnownFileType = sourcecode.swift; path = FilterStateViewController.swift; sourceTree = "<group>"; };
		AF939693229848B700757257 /* SearchStateViewController.swift */ = {isa = PBXFileReference; lastKnownFileType = sourcecode.swift; path = SearchStateViewController.swift; sourceTree = "<group>"; };
		AF939695229A917B00757257 /* DemoListViewController.swift */ = {isa = PBXFileReference; lastKnownFileType = sourcecode.swift; path = DemoListViewController.swift; sourceTree = "<group>"; };
		AF939697229AC58900757257 /* FilterListDemoViewController.swift */ = {isa = PBXFileReference; lastKnownFileType = sourcecode.swift; path = FilterListDemoViewController.swift; sourceTree = "<group>"; };
		AFDF274522B0FE9200BA08CB /* ToggleDefaultDemoViewController.swift */ = {isa = PBXFileReference; lastKnownFileType = sourcecode.swift; path = ToggleDefaultDemoViewController.swift; sourceTree = "<group>"; };
		AFDF274722B13E1700BA08CB /* Movie.swift */ = {isa = PBXFileReference; lastKnownFileType = sourcecode.swift; path = Movie.swift; sourceTree = "<group>"; };
		AFDF274922B13E3A00BA08CB /* Actor.swift */ = {isa = PBXFileReference; lastKnownFileType = sourcecode.swift; path = Actor.swift; sourceTree = "<group>"; };
		AFDF274B22B13E9300BA08CB /* CellConfigurator.swift */ = {isa = PBXFileReference; lastKnownFileType = sourcecode.swift; path = CellConfigurator.swift; sourceTree = "<group>"; };
		AFDF274D22B1493700BA08CB /* UITableView+Convenience.swift */ = {isa = PBXFileReference; lastKnownFileType = sourcecode.swift; path = "UITableView+Convenience.swift"; sourceTree = "<group>"; };
		AFDF275122B23EB100BA08CB /* SearchInputDemoViewController.swift */ = {isa = PBXFileReference; lastKnownFileType = sourcecode.swift; path = SearchInputDemoViewController.swift; sourceTree = "<group>"; };
		AFDF275322B243B200BA08CB /* HitsTableViewController.swift */ = {isa = PBXFileReference; lastKnownFileType = sourcecode.swift; path = HitsTableViewController.swift; sourceTree = "<group>"; };
		AFE343862289C4B300829AC1 /* SegmentedDemoViewController.swift */ = {isa = PBXFileReference; lastKnownFileType = sourcecode.swift; path = SegmentedDemoViewController.swift; sourceTree = "<group>"; };
		AFE6E3D422ACF585005BA44D /* MultiIndexDemoViewController.swift */ = {isa = PBXFileReference; lastKnownFileType = sourcecode.swift; path = MultiIndexDemoViewController.swift; sourceTree = "<group>"; };
		BE4725361587DFDC81F01BCB /* Pods_development_pods_instantsearch.framework */ = {isa = PBXFileReference; explicitFileType = wrapper.framework; includeInIndex = 0; path = Pods_development_pods_instantsearch.framework; sourceTree = BUILT_PRODUCTS_DIR; };
		C9A5A80DB939697E9B6CE6D3 /* Pods-development-pods-instantsearch.debug.xcconfig */ = {isa = PBXFileReference; includeInIndex = 1; lastKnownFileType = text.xcconfig; name = "Pods-development-pods-instantsearch.debug.xcconfig"; path = "Target Support Files/Pods-development-pods-instantsearch/Pods-development-pods-instantsearch.debug.xcconfig"; sourceTree = "<group>"; };
		E20E6D1B22A805AC00AC81BC /* FilterNumericComparisonDemoViewController.swift */ = {isa = PBXFileReference; lastKnownFileType = sourcecode.swift; path = FilterNumericComparisonDemoViewController.swift; sourceTree = "<group>"; };
		E2146BE122B251B900927350 /* TagListViewController.swift */ = {isa = PBXFileReference; lastKnownFileType = sourcecode.swift; path = TagListViewController.swift; sourceTree = "<group>"; };
		E2146BED22B2A18E00927350 /* ClearFiltersDemoViewController.swift */ = {isa = PBXFileReference; lastKnownFileType = sourcecode.swift; path = ClearFiltersDemoViewController.swift; sourceTree = "<group>"; };
		E2146C0F22B3DADE00927350 /* FilterNumericRangeDemoViewController.swift */ = {isa = PBXFileReference; lastKnownFileType = sourcecode.swift; path = FilterNumericRangeDemoViewController.swift; sourceTree = "<group>"; };
		E2146C1122B3DE4400927350 /* NumericRangeController.swift */ = {isa = PBXFileReference; lastKnownFileType = sourcecode.swift; path = NumericRangeController.swift; sourceTree = "<group>"; };
		E24DC9CD222EB72B006F1EED /* development-pods-instantsearch.app */ = {isa = PBXFileReference; explicitFileType = wrapper.application; includeInIndex = 0; path = "development-pods-instantsearch.app"; sourceTree = BUILT_PRODUCTS_DIR; };
		E24DC9D0222EB72B006F1EED /* AppDelegate.swift */ = {isa = PBXFileReference; lastKnownFileType = sourcecode.swift; path = AppDelegate.swift; sourceTree = "<group>"; };
		E24DC9D2222EB72B006F1EED /* SingleIndexDemoViewController.swift */ = {isa = PBXFileReference; lastKnownFileType = sourcecode.swift; path = SingleIndexDemoViewController.swift; sourceTree = "<group>"; };
		E24DC9D7222EB72B006F1EED /* Base */ = {isa = PBXFileReference; lastKnownFileType = file.storyboard; name = Base; path = Base.lproj/Main.storyboard; sourceTree = "<group>"; };
		E24DC9D9222EB72C006F1EED /* Assets.xcassets */ = {isa = PBXFileReference; lastKnownFileType = folder.assetcatalog; path = Assets.xcassets; sourceTree = "<group>"; };
		E24DC9DC222EB72C006F1EED /* Base */ = {isa = PBXFileReference; lastKnownFileType = file.storyboard; name = Base; path = Base.lproj/LaunchScreen.storyboard; sourceTree = "<group>"; };
		E24DC9DE222EB72C006F1EED /* Info.plist */ = {isa = PBXFileReference; lastKnownFileType = text.plist.xml; path = Info.plist; sourceTree = "<group>"; };
		E24DC9E3222EB72C006F1EED /* development-pods-instantsearchTests.xctest */ = {isa = PBXFileReference; explicitFileType = wrapper.cfbundle; includeInIndex = 0; path = "development-pods-instantsearchTests.xctest"; sourceTree = BUILT_PRODUCTS_DIR; };
		E24DC9E7222EB72C006F1EED /* development_pods_instantsearchTests.swift */ = {isa = PBXFileReference; lastKnownFileType = sourcecode.swift; path = development_pods_instantsearchTests.swift; sourceTree = "<group>"; };
		E24DC9E9222EB72C006F1EED /* Info.plist */ = {isa = PBXFileReference; lastKnownFileType = text.plist.xml; path = Info.plist; sourceTree = "<group>"; };
		E25D634D22D37144008CD0FD /* HierarchicalDemoViewController.swift */ = {isa = PBXFileReference; lastKnownFileType = sourcecode.swift; path = HierarchicalDemoViewController.swift; sourceTree = "<group>"; };
		E265DBED2273341D002DC989 /* FacetListTableController.swift */ = {isa = PBXFileReference; lastKnownFileType = sourcecode.swift; path = FacetListTableController.swift; sourceTree = "<group>"; };
		E2B03F66229541F500DBE6D3 /* FacetSearchDemoViewController.swift */ = {isa = PBXFileReference; lastKnownFileType = sourcecode.swift; path = FacetSearchDemoViewController.swift; sourceTree = "<group>"; };
		E2E09E3C223276C800F3056D /* Helpers.swift */ = {isa = PBXFileReference; lastKnownFileType = sourcecode.swift; path = Helpers.swift; sourceTree = "<group>"; };
		E2EBE74122B15B0A00B91B23 /* CurrentFiltersDemoViewController.swift */ = {isa = PBXFileReference; lastKnownFileType = sourcecode.swift; path = CurrentFiltersDemoViewController.swift; sourceTree = "<group>"; };
		E2EFA5D822A94ADF008C9CAA /* IndexSegmentDemoViewController.swift */ = {isa = PBXFileReference; lastKnownFileType = sourcecode.swift; path = IndexSegmentDemoViewController.swift; sourceTree = "<group>"; };
		F2062212BAF0883D11154F15 /* Pods-development-pods-instantsearchTests.debug.xcconfig */ = {isa = PBXFileReference; includeInIndex = 1; lastKnownFileType = text.xcconfig; name = "Pods-development-pods-instantsearchTests.debug.xcconfig"; path = "Target Support Files/Pods-development-pods-instantsearchTests/Pods-development-pods-instantsearchTests.debug.xcconfig"; sourceTree = "<group>"; };
/* End PBXFileReference section */

/* Begin PBXFrameworksBuildPhase section */
		E24DC9CA222EB72B006F1EED /* Frameworks */ = {
			isa = PBXFrameworksBuildPhase;
			buildActionMask = 2147483647;
			files = (
				A174DB7FFFE740D94F373ED6 /* Pods_development_pods_instantsearch.framework in Frameworks */,
			);
			runOnlyForDeploymentPostprocessing = 0;
		};
		E24DC9E0222EB72C006F1EED /* Frameworks */ = {
			isa = PBXFrameworksBuildPhase;
			buildActionMask = 2147483647;
			files = (
				9BE878203D48991B58641B3C /* Pods_development_pods_instantsearchTests.framework in Frameworks */,
			);
			runOnlyForDeploymentPostprocessing = 0;
		};
/* End PBXFrameworksBuildPhase section */

/* Begin PBXGroup section */
		7FCD9443E01293462FC4BF22 /* Pods */ = {
			isa = PBXGroup;
			children = (
				C9A5A80DB939697E9B6CE6D3 /* Pods-development-pods-instantsearch.debug.xcconfig */,
				38057E60EE4A921AB878A260 /* Pods-development-pods-instantsearch.release.xcconfig */,
				F2062212BAF0883D11154F15 /* Pods-development-pods-instantsearchTests.debug.xcconfig */,
				6CF06BA2662866DC7F8CA6D5 /* Pods-development-pods-instantsearchTests.release.xcconfig */,
			);
			path = Pods;
			sourceTree = "<group>";
		};
		AF5D103122F45F4C00DE13AA /* Models */ = {
			isa = PBXGroup;
			children = (
				AFDF274722B13E1700BA08CB /* Movie.swift */,
				AFDF274922B13E3A00BA08CB /* Actor.swift */,
			);
			path = Models;
			sourceTree = "<group>";
		};
		AF6778B722FB282400850ACC /* Helpers */ = {
			isa = PBXGroup;
			children = (
				AF536C382280671B006DAE84 /* DemoHelper.swift */,
				AFDF275322B243B200BA08CB /* HitsTableViewController.swift */,
				AFDF274B22B13E9300BA08CB /* CellConfigurator.swift */,
				AFDF274D22B1493700BA08CB /* UITableView+Convenience.swift */,
				E2E09E3C223276C800F3056D /* Helpers.swift */,
				E265DBED2273341D002DC989 /* FacetListTableController.swift */,
				AF939674229700D500757257 /* FilterStateViewController.swift */,
				AF939693229848B700757257 /* SearchStateViewController.swift */,
				E2146C1122B3DE4400927350 /* NumericRangeController.swift */,
			);
			path = Helpers;
			sourceTree = "<group>";
		};
		AF939699229AD21C00757257 /* Demos */ = {
			isa = PBXGroup;
			children = (
				E24DC9D2222EB72B006F1EED /* SingleIndexDemoViewController.swift */,
				AF06184B22E9F94200FDBAAE /* SingleIndexSnippetViewController.swift */,
				AF06184422E9EF2D00FDBAAE /* MultiIndexSnippetViewController.swift */,
				AFE6E3D422ACF585005BA44D /* MultiIndexDemoViewController.swift */,
				AF536C36227C7C79006DAE84 /* RefinementListDemoViewController.swift */,
				AF21EECC22BA3B83004A0542 /* RefinementPersistentListDemoViewController.swift */,
				AF939697229AC58900757257 /* FilterListDemoViewController.swift */,
				AFE343862289C4B300829AC1 /* SegmentedDemoViewController.swift */,
				E2B03F66229541F500DBE6D3 /* FacetSearchDemoViewController.swift */,
				AF536C34227C78AD006DAE84 /* ToggleDemoViewController.swift */,
				AFDF274522B0FE9200BA08CB /* ToggleDefaultDemoViewController.swift */,
				E20E6D1B22A805AC00AC81BC /* FilterNumericComparisonDemoViewController.swift */,
				E2EFA5D822A94ADF008C9CAA /* IndexSegmentDemoViewController.swift */,
				AFDF275122B23EB100BA08CB /* SearchInputDemoViewController.swift */,
				AF21EE9D22B26187004A0542 /* StatsDemoViewController.swift */,
				AF21EEC022B78F89004A0542 /* HighlightingDemoViewController.swift */,
				AF21EED822C21788004A0542 /* LoadingDemoViewController.swift */,
				E2EBE74122B15B0A00B91B23 /* CurrentFiltersDemoViewController.swift */,
				E2146BED22B2A18E00927350 /* ClearFiltersDemoViewController.swift */,
				E2146C0F22B3DADE00927350 /* FilterNumericRangeDemoViewController.swift */,
				E25D634D22D37144008CD0FD /* HierarchicalDemoViewController.swift */,
			);
			path = Demos;
			sourceTree = "<group>";
		};
		E2146BE022B251AC00927350 /* Views */ = {
			isa = PBXGroup;
			children = (
				E2146BE122B251B900927350 /* TagListViewController.swift */,
				AF21EEC222B94F40004A0542 /* MovieCollectionViewCell.swift */,
				AF21EEC822B9572C004A0542 /* MovieTableViewCell.swift */,
				AF21EEC422B94F54004A0542 /* ActorCollectionViewCell.swift */,
				AF21EEC622B95716004A0542 /* MovieCell.swift */,
				AF21EECA22B9574E004A0542 /* UIView+Layout.swift */,
			);
			path = Views;
			sourceTree = "<group>";
		};
		E24DC9C4222EB72B006F1EED = {
			isa = PBXGroup;
			children = (
				E24DC9CF222EB72B006F1EED /* development-pods-instantsearch */,
				E24DC9E6222EB72C006F1EED /* development-pods-instantsearchTests */,
				E24DC9CE222EB72B006F1EED /* Products */,
				7FCD9443E01293462FC4BF22 /* Pods */,
				EFCE481FDBA1AD754B923D93 /* Frameworks */,
			);
			sourceTree = "<group>";
		};
		E24DC9CE222EB72B006F1EED /* Products */ = {
			isa = PBXGroup;
			children = (
				E24DC9CD222EB72B006F1EED /* development-pods-instantsearch.app */,
				E24DC9E3222EB72C006F1EED /* development-pods-instantsearchTests.xctest */,
			);
			name = Products;
			sourceTree = "<group>";
		};
		E24DC9CF222EB72B006F1EED /* development-pods-instantsearch */ = {
			isa = PBXGroup;
			children = (
				AF5D103122F45F4C00DE13AA /* Models */,
				E2146BE022B251AC00927350 /* Views */,
				AF939699229AD21C00757257 /* Demos */,
				AF6778B722FB282400850ACC /* Helpers */,
				E24DC9D0222EB72B006F1EED /* AppDelegate.swift */,
				AF939695229A917B00757257 /* DemoListViewController.swift */,
				E24DC9D6222EB72B006F1EED /* Main.storyboard */,
				E24DC9D9222EB72C006F1EED /* Assets.xcassets */,
				E24DC9DB222EB72C006F1EED /* LaunchScreen.storyboard */,
				E24DC9DE222EB72C006F1EED /* Info.plist */,
			);
			path = "development-pods-instantsearch";
			sourceTree = "<group>";
		};
		E24DC9E6222EB72C006F1EED /* development-pods-instantsearchTests */ = {
			isa = PBXGroup;
			children = (
				E24DC9E7222EB72C006F1EED /* development_pods_instantsearchTests.swift */,
				E24DC9E9222EB72C006F1EED /* Info.plist */,
			);
			path = "development-pods-instantsearchTests";
			sourceTree = "<group>";
		};
		EFCE481FDBA1AD754B923D93 /* Frameworks */ = {
			isa = PBXGroup;
			children = (
				BE4725361587DFDC81F01BCB /* Pods_development_pods_instantsearch.framework */,
				A3124C071D3F19C1B835884C /* Pods_development_pods_instantsearchTests.framework */,
			);
			name = Frameworks;
			sourceTree = "<group>";
		};
/* End PBXGroup section */

/* Begin PBXNativeTarget section */
		E24DC9CC222EB72B006F1EED /* development-pods-instantsearch */ = {
			isa = PBXNativeTarget;
			buildConfigurationList = E24DC9EC222EB72C006F1EED /* Build configuration list for PBXNativeTarget "development-pods-instantsearch" */;
			buildPhases = (
				76E808EAB902B56B4B5AF160 /* [CP] Check Pods Manifest.lock */,
				E24DC9C9222EB72B006F1EED /* Sources */,
				E24DC9CA222EB72B006F1EED /* Frameworks */,
				E24DC9CB222EB72B006F1EED /* Resources */,
				73CD9FBE285B3A77A8C7967E /* [CP] Embed Pods Frameworks */,
			);
			buildRules = (
			);
			dependencies = (
			);
			name = "development-pods-instantsearch";
			productName = "development-pods-instantsearch";
			productReference = E24DC9CD222EB72B006F1EED /* development-pods-instantsearch.app */;
			productType = "com.apple.product-type.application";
		};
		E24DC9E2222EB72C006F1EED /* development-pods-instantsearchTests */ = {
			isa = PBXNativeTarget;
			buildConfigurationList = E24DC9EF222EB72C006F1EED /* Build configuration list for PBXNativeTarget "development-pods-instantsearchTests" */;
			buildPhases = (
				CA7AA3D35846B5898B247A45 /* [CP] Check Pods Manifest.lock */,
				E24DC9DF222EB72C006F1EED /* Sources */,
				E24DC9E0222EB72C006F1EED /* Frameworks */,
				E24DC9E1222EB72C006F1EED /* Resources */,
			);
			buildRules = (
			);
			dependencies = (
				E24DC9E5222EB72C006F1EED /* PBXTargetDependency */,
			);
			name = "development-pods-instantsearchTests";
			productName = "development-pods-instantsearchTests";
			productReference = E24DC9E3222EB72C006F1EED /* development-pods-instantsearchTests.xctest */;
			productType = "com.apple.product-type.bundle.unit-test";
		};
/* End PBXNativeTarget section */

/* Begin PBXProject section */
		E24DC9C5222EB72B006F1EED /* Project object */ = {
			isa = PBXProject;
			attributes = {
				LastSwiftUpdateCheck = 1010;
				LastUpgradeCheck = 1010;
				ORGANIZATIONNAME = Algolia;
				TargetAttributes = {
					E24DC9CC222EB72B006F1EED = {
						CreatedOnToolsVersion = 10.1;
					};
					E24DC9E2222EB72C006F1EED = {
						CreatedOnToolsVersion = 10.1;
						TestTargetID = E24DC9CC222EB72B006F1EED;
					};
				};
			};
			buildConfigurationList = E24DC9C8222EB72B006F1EED /* Build configuration list for PBXProject "development-pods-instantsearch" */;
			compatibilityVersion = "Xcode 9.3";
			developmentRegion = en;
			hasScannedForEncodings = 0;
			knownRegions = (
				en,
				Base,
			);
			mainGroup = E24DC9C4222EB72B006F1EED;
			productRefGroup = E24DC9CE222EB72B006F1EED /* Products */;
			projectDirPath = "";
			projectRoot = "";
			targets = (
				E24DC9CC222EB72B006F1EED /* development-pods-instantsearch */,
				E24DC9E2222EB72C006F1EED /* development-pods-instantsearchTests */,
			);
		};
/* End PBXProject section */

/* Begin PBXResourcesBuildPhase section */
		E24DC9CB222EB72B006F1EED /* Resources */ = {
			isa = PBXResourcesBuildPhase;
			buildActionMask = 2147483647;
			files = (
				E24DC9DD222EB72C006F1EED /* LaunchScreen.storyboard in Resources */,
				E24DC9DA222EB72C006F1EED /* Assets.xcassets in Resources */,
				E24DC9D8222EB72B006F1EED /* Main.storyboard in Resources */,
			);
			runOnlyForDeploymentPostprocessing = 0;
		};
		E24DC9E1222EB72C006F1EED /* Resources */ = {
			isa = PBXResourcesBuildPhase;
			buildActionMask = 2147483647;
			files = (
			);
			runOnlyForDeploymentPostprocessing = 0;
		};
/* End PBXResourcesBuildPhase section */

/* Begin PBXShellScriptBuildPhase section */
		73CD9FBE285B3A77A8C7967E /* [CP] Embed Pods Frameworks */ = {
			isa = PBXShellScriptBuildPhase;
			buildActionMask = 2147483647;
			files = (
			);
			inputFileListPaths = (
			);
			inputPaths = (
				"${PODS_ROOT}/Target Support Files/Pods-development-pods-instantsearch/Pods-development-pods-instantsearch-frameworks.sh",
				"${BUILT_PRODUCTS_DIR}/InstantSearch/InstantSearch.framework",
				"${BUILT_PRODUCTS_DIR}/InstantSearchClient/InstantSearchClient.framework",
				"${BUILT_PRODUCTS_DIR}/InstantSearchCore/InstantSearchCore.framework",
				"${BUILT_PRODUCTS_DIR}/SDWebImage/SDWebImage.framework",
				"${BUILT_PRODUCTS_DIR}/Signals/Signals.framework",
				"${BUILT_PRODUCTS_DIR}/TagListView/TagListView.framework",
				"${BUILT_PRODUCTS_DIR}/WARangeSlider/WARangeSlider.framework",
			);
			name = "[CP] Embed Pods Frameworks";
			outputFileListPaths = (
			);
			outputPaths = (
				"${TARGET_BUILD_DIR}/${FRAMEWORKS_FOLDER_PATH}/InstantSearch.framework",
				"${TARGET_BUILD_DIR}/${FRAMEWORKS_FOLDER_PATH}/InstantSearchClient.framework",
				"${TARGET_BUILD_DIR}/${FRAMEWORKS_FOLDER_PATH}/InstantSearchCore.framework",
				"${TARGET_BUILD_DIR}/${FRAMEWORKS_FOLDER_PATH}/SDWebImage.framework",
				"${TARGET_BUILD_DIR}/${FRAMEWORKS_FOLDER_PATH}/Signals.framework",
				"${TARGET_BUILD_DIR}/${FRAMEWORKS_FOLDER_PATH}/TagListView.framework",
				"${TARGET_BUILD_DIR}/${FRAMEWORKS_FOLDER_PATH}/WARangeSlider.framework",
			);
			runOnlyForDeploymentPostprocessing = 0;
			shellPath = /bin/sh;
			shellScript = "\"${PODS_ROOT}/Target Support Files/Pods-development-pods-instantsearch/Pods-development-pods-instantsearch-frameworks.sh\"\n";
			showEnvVarsInLog = 0;
		};
		76E808EAB902B56B4B5AF160 /* [CP] Check Pods Manifest.lock */ = {
			isa = PBXShellScriptBuildPhase;
			buildActionMask = 2147483647;
			files = (
			);
			inputFileListPaths = (
			);
			inputPaths = (
				"${PODS_PODFILE_DIR_PATH}/Podfile.lock",
				"${PODS_ROOT}/Manifest.lock",
			);
			name = "[CP] Check Pods Manifest.lock";
			outputFileListPaths = (
			);
			outputPaths = (
				"$(DERIVED_FILE_DIR)/Pods-development-pods-instantsearch-checkManifestLockResult.txt",
			);
			runOnlyForDeploymentPostprocessing = 0;
			shellPath = /bin/sh;
			shellScript = "diff \"${PODS_PODFILE_DIR_PATH}/Podfile.lock\" \"${PODS_ROOT}/Manifest.lock\" > /dev/null\nif [ $? != 0 ] ; then\n    # print error to STDERR\n    echo \"error: The sandbox is not in sync with the Podfile.lock. Run 'pod install' or update your CocoaPods installation.\" >&2\n    exit 1\nfi\n# This output is used by Xcode 'outputs' to avoid re-running this script phase.\necho \"SUCCESS\" > \"${SCRIPT_OUTPUT_FILE_0}\"\n";
			showEnvVarsInLog = 0;
		};
		CA7AA3D35846B5898B247A45 /* [CP] Check Pods Manifest.lock */ = {
			isa = PBXShellScriptBuildPhase;
			buildActionMask = 2147483647;
			files = (
			);
			inputFileListPaths = (
			);
			inputPaths = (
				"${PODS_PODFILE_DIR_PATH}/Podfile.lock",
				"${PODS_ROOT}/Manifest.lock",
			);
			name = "[CP] Check Pods Manifest.lock";
			outputFileListPaths = (
			);
			outputPaths = (
				"$(DERIVED_FILE_DIR)/Pods-development-pods-instantsearchTests-checkManifestLockResult.txt",
			);
			runOnlyForDeploymentPostprocessing = 0;
			shellPath = /bin/sh;
			shellScript = "diff \"${PODS_PODFILE_DIR_PATH}/Podfile.lock\" \"${PODS_ROOT}/Manifest.lock\" > /dev/null\nif [ $? != 0 ] ; then\n    # print error to STDERR\n    echo \"error: The sandbox is not in sync with the Podfile.lock. Run 'pod install' or update your CocoaPods installation.\" >&2\n    exit 1\nfi\n# This output is used by Xcode 'outputs' to avoid re-running this script phase.\necho \"SUCCESS\" > \"${SCRIPT_OUTPUT_FILE_0}\"\n";
			showEnvVarsInLog = 0;
		};
/* End PBXShellScriptBuildPhase section */

/* Begin PBXSourcesBuildPhase section */
		E24DC9C9222EB72B006F1EED /* Sources */ = {
			isa = PBXSourcesBuildPhase;
			buildActionMask = 2147483647;
			files = (
				AF21EEC922B9572C004A0542 /* MovieTableViewCell.swift in Sources */,
				AFDF274622B0FE9200BA08CB /* ToggleDefaultDemoViewController.swift in Sources */,
				E20E6D1C22A805AC00AC81BC /* FilterNumericComparisonDemoViewController.swift in Sources */,
				AF21EEC722B95716004A0542 /* MovieCell.swift in Sources */,
				AF939675229700D500757257 /* FilterStateViewController.swift in Sources */,
				AF939698229AC58900757257 /* FilterListDemoViewController.swift in Sources */,
				AFDF274822B13E1700BA08CB /* Movie.swift in Sources */,
				E2EFA5D922A94ADF008C9CAA /* IndexSegmentDemoViewController.swift in Sources */,
				AF21EEC522B94F54004A0542 /* ActorCollectionViewCell.swift in Sources */,
				E2B03F67229541F500DBE6D3 /* FacetSearchDemoViewController.swift in Sources */,
				AF21EEC122B78F89004A0542 /* HighlightingDemoViewController.swift in Sources */,
				E2146C1022B3DADE00927350 /* FilterNumericRangeDemoViewController.swift in Sources */,
				AF21EE9E22B26187004A0542 /* StatsDemoViewController.swift in Sources */,
				AF536C37227C7C79006DAE84 /* RefinementListDemoViewController.swift in Sources */,
				AF21EECD22BA3B83004A0542 /* RefinementPersistentListDemoViewController.swift in Sources */,
				AFDF274A22B13E3A00BA08CB /* Actor.swift in Sources */,
				AFDF274C22B13E9300BA08CB /* CellConfigurator.swift in Sources */,
				AF5D103822F476DC00DE13AA /* HitsTableViewController.swift in Sources */,
				E2146BEE22B2A18E00927350 /* ClearFiltersDemoViewController.swift in Sources */,
				AF21EEC322B94F40004A0542 /* MovieCollectionViewCell.swift in Sources */,
				AF6778B622FB27FE00850ACC /* FacetListTableController.swift in Sources */,
				E2EBE74222B15B0A00B91B23 /* CurrentFiltersDemoViewController.swift in Sources */,
				AF939694229848B700757257 /* SearchStateViewController.swift in Sources */,
				AF06184522E9EF2D00FDBAAE /* MultiIndexSnippetViewController.swift in Sources */,
				E25D634E22D37144008CD0FD /* HierarchicalDemoViewController.swift in Sources */,
				E2146BE222B251B900927350 /* TagListViewController.swift in Sources */,
				E24DC9D3222EB72B006F1EED /* SingleIndexDemoViewController.swift in Sources */,
				AF939696229A917B00757257 /* DemoListViewController.swift in Sources */,
				AF536C392280671B006DAE84 /* DemoHelper.swift in Sources */,
				E24DC9D1222EB72B006F1EED /* AppDelegate.swift in Sources */,
				AFDF274E22B1493700BA08CB /* UITableView+Convenience.swift in Sources */,
				AFE6E3D522ACF585005BA44D /* MultiIndexDemoViewController.swift in Sources */,
				E2146C1222B3DE4400927350 /* NumericRangeController.swift in Sources */,
				AF536C35227C78AD006DAE84 /* ToggleDemoViewController.swift in Sources */,
				AF06184C22E9F94200FDBAAE /* SingleIndexSnippetViewController.swift in Sources */,
				AFDF275222B23EB100BA08CB /* SearchInputDemoViewController.swift in Sources */,
				E2E09E3D223276C800F3056D /* Helpers.swift in Sources */,
				AF21EECB22B9574E004A0542 /* UIView+Layout.swift in Sources */,
				AF21EED922C21788004A0542 /* LoadingDemoViewController.swift in Sources */,
				AFE343872289C4B300829AC1 /* SegmentedDemoViewController.swift in Sources */,
			);
			runOnlyForDeploymentPostprocessing = 0;
		};
		E24DC9DF222EB72C006F1EED /* Sources */ = {
			isa = PBXSourcesBuildPhase;
			buildActionMask = 2147483647;
			files = (
				E24DC9E8222EB72C006F1EED /* development_pods_instantsearchTests.swift in Sources */,
			);
			runOnlyForDeploymentPostprocessing = 0;
		};
/* End PBXSourcesBuildPhase section */

/* Begin PBXTargetDependency section */
		E24DC9E5222EB72C006F1EED /* PBXTargetDependency */ = {
			isa = PBXTargetDependency;
			target = E24DC9CC222EB72B006F1EED /* development-pods-instantsearch */;
			targetProxy = E24DC9E4222EB72C006F1EED /* PBXContainerItemProxy */;
		};
/* End PBXTargetDependency section */

/* Begin PBXVariantGroup section */
		E24DC9D6222EB72B006F1EED /* Main.storyboard */ = {
			isa = PBXVariantGroup;
			children = (
				E24DC9D7222EB72B006F1EED /* Base */,
			);
			name = Main.storyboard;
			sourceTree = "<group>";
		};
		E24DC9DB222EB72C006F1EED /* LaunchScreen.storyboard */ = {
			isa = PBXVariantGroup;
			children = (
				E24DC9DC222EB72C006F1EED /* Base */,
			);
			name = LaunchScreen.storyboard;
			sourceTree = "<group>";
		};
/* End PBXVariantGroup section */

/* Begin XCBuildConfiguration section */
		E24DC9EA222EB72C006F1EED /* Debug */ = {
			isa = XCBuildConfiguration;
			buildSettings = {
				ALWAYS_SEARCH_USER_PATHS = NO;
				CLANG_ANALYZER_NONNULL = YES;
				CLANG_ANALYZER_NUMBER_OBJECT_CONVERSION = YES_AGGRESSIVE;
				CLANG_CXX_LANGUAGE_STANDARD = "gnu++14";
				CLANG_CXX_LIBRARY = "libc++";
				CLANG_ENABLE_MODULES = YES;
				CLANG_ENABLE_OBJC_ARC = YES;
				CLANG_ENABLE_OBJC_WEAK = YES;
				CLANG_WARN_BLOCK_CAPTURE_AUTORELEASING = YES;
				CLANG_WARN_BOOL_CONVERSION = YES;
				CLANG_WARN_COMMA = YES;
				CLANG_WARN_CONSTANT_CONVERSION = YES;
				CLANG_WARN_DEPRECATED_OBJC_IMPLEMENTATIONS = YES;
				CLANG_WARN_DIRECT_OBJC_ISA_USAGE = YES_ERROR;
				CLANG_WARN_DOCUMENTATION_COMMENTS = YES;
				CLANG_WARN_EMPTY_BODY = YES;
				CLANG_WARN_ENUM_CONVERSION = YES;
				CLANG_WARN_INFINITE_RECURSION = YES;
				CLANG_WARN_INT_CONVERSION = YES;
				CLANG_WARN_NON_LITERAL_NULL_CONVERSION = YES;
				CLANG_WARN_OBJC_IMPLICIT_RETAIN_SELF = YES;
				CLANG_WARN_OBJC_LITERAL_CONVERSION = YES;
				CLANG_WARN_OBJC_ROOT_CLASS = YES_ERROR;
				CLANG_WARN_RANGE_LOOP_ANALYSIS = YES;
				CLANG_WARN_STRICT_PROTOTYPES = YES;
				CLANG_WARN_SUSPICIOUS_MOVE = YES;
				CLANG_WARN_UNGUARDED_AVAILABILITY = YES_AGGRESSIVE;
				CLANG_WARN_UNREACHABLE_CODE = YES;
				CLANG_WARN__DUPLICATE_METHOD_MATCH = YES;
				CODE_SIGN_IDENTITY = "iPhone Developer";
				COPY_PHASE_STRIP = NO;
				DEBUG_INFORMATION_FORMAT = dwarf;
				ENABLE_STRICT_OBJC_MSGSEND = YES;
				ENABLE_TESTABILITY = YES;
				GCC_C_LANGUAGE_STANDARD = gnu11;
				GCC_DYNAMIC_NO_PIC = NO;
				GCC_NO_COMMON_BLOCKS = YES;
				GCC_OPTIMIZATION_LEVEL = 0;
				GCC_PREPROCESSOR_DEFINITIONS = (
					"DEBUG=1",
					"$(inherited)",
				);
				GCC_WARN_64_TO_32_BIT_CONVERSION = YES;
				GCC_WARN_ABOUT_RETURN_TYPE = YES_ERROR;
				GCC_WARN_UNDECLARED_SELECTOR = YES;
				GCC_WARN_UNINITIALIZED_AUTOS = YES_AGGRESSIVE;
				GCC_WARN_UNUSED_FUNCTION = YES;
				GCC_WARN_UNUSED_VARIABLE = YES;
				IPHONEOS_DEPLOYMENT_TARGET = 12.1;
				MTL_ENABLE_DEBUG_INFO = INCLUDE_SOURCE;
				MTL_FAST_MATH = YES;
				ONLY_ACTIVE_ARCH = YES;
				SDKROOT = iphoneos;
				SWIFT_ACTIVE_COMPILATION_CONDITIONS = DEBUG;
				SWIFT_OPTIMIZATION_LEVEL = "-Onone";
			};
			name = Debug;
		};
		E24DC9EB222EB72C006F1EED /* Release */ = {
			isa = XCBuildConfiguration;
			buildSettings = {
				ALWAYS_SEARCH_USER_PATHS = NO;
				CLANG_ANALYZER_NONNULL = YES;
				CLANG_ANALYZER_NUMBER_OBJECT_CONVERSION = YES_AGGRESSIVE;
				CLANG_CXX_LANGUAGE_STANDARD = "gnu++14";
				CLANG_CXX_LIBRARY = "libc++";
				CLANG_ENABLE_MODULES = YES;
				CLANG_ENABLE_OBJC_ARC = YES;
				CLANG_ENABLE_OBJC_WEAK = YES;
				CLANG_WARN_BLOCK_CAPTURE_AUTORELEASING = YES;
				CLANG_WARN_BOOL_CONVERSION = YES;
				CLANG_WARN_COMMA = YES;
				CLANG_WARN_CONSTANT_CONVERSION = YES;
				CLANG_WARN_DEPRECATED_OBJC_IMPLEMENTATIONS = YES;
				CLANG_WARN_DIRECT_OBJC_ISA_USAGE = YES_ERROR;
				CLANG_WARN_DOCUMENTATION_COMMENTS = YES;
				CLANG_WARN_EMPTY_BODY = YES;
				CLANG_WARN_ENUM_CONVERSION = YES;
				CLANG_WARN_INFINITE_RECURSION = YES;
				CLANG_WARN_INT_CONVERSION = YES;
				CLANG_WARN_NON_LITERAL_NULL_CONVERSION = YES;
				CLANG_WARN_OBJC_IMPLICIT_RETAIN_SELF = YES;
				CLANG_WARN_OBJC_LITERAL_CONVERSION = YES;
				CLANG_WARN_OBJC_ROOT_CLASS = YES_ERROR;
				CLANG_WARN_RANGE_LOOP_ANALYSIS = YES;
				CLANG_WARN_STRICT_PROTOTYPES = YES;
				CLANG_WARN_SUSPICIOUS_MOVE = YES;
				CLANG_WARN_UNGUARDED_AVAILABILITY = YES_AGGRESSIVE;
				CLANG_WARN_UNREACHABLE_CODE = YES;
				CLANG_WARN__DUPLICATE_METHOD_MATCH = YES;
				CODE_SIGN_IDENTITY = "iPhone Developer";
				COPY_PHASE_STRIP = NO;
				DEBUG_INFORMATION_FORMAT = "dwarf-with-dsym";
				ENABLE_NS_ASSERTIONS = NO;
				ENABLE_STRICT_OBJC_MSGSEND = YES;
				GCC_C_LANGUAGE_STANDARD = gnu11;
				GCC_NO_COMMON_BLOCKS = YES;
				GCC_WARN_64_TO_32_BIT_CONVERSION = YES;
				GCC_WARN_ABOUT_RETURN_TYPE = YES_ERROR;
				GCC_WARN_UNDECLARED_SELECTOR = YES;
				GCC_WARN_UNINITIALIZED_AUTOS = YES_AGGRESSIVE;
				GCC_WARN_UNUSED_FUNCTION = YES;
				GCC_WARN_UNUSED_VARIABLE = YES;
				IPHONEOS_DEPLOYMENT_TARGET = 12.1;
				MTL_ENABLE_DEBUG_INFO = NO;
				MTL_FAST_MATH = YES;
				SDKROOT = iphoneos;
				SWIFT_COMPILATION_MODE = wholemodule;
				SWIFT_OPTIMIZATION_LEVEL = "-O";
				VALIDATE_PRODUCT = YES;
			};
			name = Release;
		};
		E24DC9ED222EB72C006F1EED /* Debug */ = {
			isa = XCBuildConfiguration;
			baseConfigurationReference = C9A5A80DB939697E9B6CE6D3 /* Pods-development-pods-instantsearch.debug.xcconfig */;
			buildSettings = {
				ASSETCATALOG_COMPILER_APPICON_NAME = AppIcon;
				CODE_SIGN_STYLE = Automatic;
				DEVELOPMENT_TEAM = 6T2VU67VTL;
				INFOPLIST_FILE = "development-pods-instantsearch/Info.plist";
				LD_RUNPATH_SEARCH_PATHS = (
					"$(inherited)",
					"@executable_path/Frameworks",
				);
				PRODUCT_BUNDLE_IDENTIFIER = "com.algolia.development-pods-instantsearch";
				PRODUCT_NAME = "$(TARGET_NAME)";
				SWIFT_VERSION = 5.0;
				TARGETED_DEVICE_FAMILY = "1,2";
			};
			name = Debug;
		};
		E24DC9EE222EB72C006F1EED /* Release */ = {
			isa = XCBuildConfiguration;
			baseConfigurationReference = 38057E60EE4A921AB878A260 /* Pods-development-pods-instantsearch.release.xcconfig */;
			buildSettings = {
				ASSETCATALOG_COMPILER_APPICON_NAME = AppIcon;
				CODE_SIGN_STYLE = Automatic;
				DEVELOPMENT_TEAM = 6T2VU67VTL;
				INFOPLIST_FILE = "development-pods-instantsearch/Info.plist";
				LD_RUNPATH_SEARCH_PATHS = (
					"$(inherited)",
					"@executable_path/Frameworks",
				);
				PRODUCT_BUNDLE_IDENTIFIER = "com.algolia.development-pods-instantsearch";
				PRODUCT_NAME = "$(TARGET_NAME)";
				SWIFT_VERSION = 5.0;
				TARGETED_DEVICE_FAMILY = "1,2";
			};
			name = Release;
		};
		E24DC9F0222EB72C006F1EED /* Debug */ = {
			isa = XCBuildConfiguration;
			baseConfigurationReference = F2062212BAF0883D11154F15 /* Pods-development-pods-instantsearchTests.debug.xcconfig */;
			buildSettings = {
				ALWAYS_EMBED_SWIFT_STANDARD_LIBRARIES = YES;
				BUNDLE_LOADER = "$(TEST_HOST)";
				CODE_SIGN_STYLE = Automatic;
				DEVELOPMENT_TEAM = K3DV6EU9CV;
				INFOPLIST_FILE = "development-pods-instantsearchTests/Info.plist";
				LD_RUNPATH_SEARCH_PATHS = (
					"$(inherited)",
					"@executable_path/Frameworks",
					"@loader_path/Frameworks",
				);
				PRODUCT_BUNDLE_IDENTIFIER = "com.algolia.development-pods-instantsearchTests";
				PRODUCT_NAME = "$(TARGET_NAME)";
				SWIFT_VERSION = 5.0;
				TARGETED_DEVICE_FAMILY = "1,2";
				TEST_HOST = "$(BUILT_PRODUCTS_DIR)/development-pods-instantsearch.app/development-pods-instantsearch";
			};
			name = Debug;
		};
		E24DC9F1222EB72C006F1EED /* Release */ = {
			isa = XCBuildConfiguration;
			baseConfigurationReference = 6CF06BA2662866DC7F8CA6D5 /* Pods-development-pods-instantsearchTests.release.xcconfig */;
			buildSettings = {
				ALWAYS_EMBED_SWIFT_STANDARD_LIBRARIES = YES;
				BUNDLE_LOADER = "$(TEST_HOST)";
				CODE_SIGN_STYLE = Automatic;
				DEVELOPMENT_TEAM = K3DV6EU9CV;
				INFOPLIST_FILE = "development-pods-instantsearchTests/Info.plist";
				LD_RUNPATH_SEARCH_PATHS = (
					"$(inherited)",
					"@executable_path/Frameworks",
					"@loader_path/Frameworks",
				);
				PRODUCT_BUNDLE_IDENTIFIER = "com.algolia.development-pods-instantsearchTests";
				PRODUCT_NAME = "$(TARGET_NAME)";
				SWIFT_VERSION = 5.0;
				TARGETED_DEVICE_FAMILY = "1,2";
				TEST_HOST = "$(BUILT_PRODUCTS_DIR)/development-pods-instantsearch.app/development-pods-instantsearch";
			};
			name = Release;
		};
/* End XCBuildConfiguration section */

/* Begin XCConfigurationList section */
		E24DC9C8222EB72B006F1EED /* Build configuration list for PBXProject "development-pods-instantsearch" */ = {
			isa = XCConfigurationList;
			buildConfigurations = (
				E24DC9EA222EB72C006F1EED /* Debug */,
				E24DC9EB222EB72C006F1EED /* Release */,
			);
			defaultConfigurationIsVisible = 0;
			defaultConfigurationName = Release;
		};
		E24DC9EC222EB72C006F1EED /* Build configuration list for PBXNativeTarget "development-pods-instantsearch" */ = {
			isa = XCConfigurationList;
			buildConfigurations = (
				E24DC9ED222EB72C006F1EED /* Debug */,
				E24DC9EE222EB72C006F1EED /* Release */,
			);
			defaultConfigurationIsVisible = 0;
			defaultConfigurationName = Release;
		};
		E24DC9EF222EB72C006F1EED /* Build configuration list for PBXNativeTarget "development-pods-instantsearchTests" */ = {
			isa = XCConfigurationList;
			buildConfigurations = (
				E24DC9F0222EB72C006F1EED /* Debug */,
				E24DC9F1222EB72C006F1EED /* Release */,
			);
			defaultConfigurationIsVisible = 0;
			defaultConfigurationName = Release;
		};
/* End XCConfigurationList section */
	};
	rootObject = E24DC9C5222EB72B006F1EED /* Project object */;
}
