// !$*UTF8*$!
{
	archiveVersion = 1;
	classes = {
	};
	objectVersion = 50;
	objects = {

/* Begin PBXBuildFile section */
		9BE878203D48991B58641B3C /* Pods_development_pods_instantsearchTests.framework in Frameworks */ = {isa = PBXBuildFile; fileRef = A3124C071D3F19C1B835884C /* Pods_development_pods_instantsearchTests.framework */; };
		A174DB7FFFE740D94F373ED6 /* Pods_development_pods_instantsearch.framework in Frameworks */ = {isa = PBXBuildFile; fileRef = BE4725361587DFDC81F01BCB /* Pods_development_pods_instantsearch.framework */; };
		AF2B261922836430006DE798 /* SegmentedController.swift in Sources */ = {isa = PBXBuildFile; fileRef = AF2B261822836430006DE798 /* SegmentedController.swift */; };
		AF536C32227C75FB006DAE84 /* SelectableFilterButtonController.swift in Sources */ = {isa = PBXBuildFile; fileRef = AF536C30227C75FB006DAE84 /* SelectableFilterButtonController.swift */; };
		AF536C33227C75FB006DAE84 /* RefinementFilterSwitchController.swift in Sources */ = {isa = PBXBuildFile; fileRef = AF536C31227C75FB006DAE84 /* RefinementFilterSwitchController.swift */; };
		AF536C35227C78AD006DAE84 /* ToggleDemo.swift in Sources */ = {isa = PBXBuildFile; fileRef = AF536C34227C78AD006DAE84 /* ToggleDemo.swift */; };
		AF536C37227C7C79006DAE84 /* RefinementListDemo.swift in Sources */ = {isa = PBXBuildFile; fileRef = AF536C36227C7C79006DAE84 /* RefinementListDemo.swift */; };
		AF536C392280671B006DAE84 /* DemoDescriptor.swift in Sources */ = {isa = PBXBuildFile; fileRef = AF536C382280671B006DAE84 /* DemoDescriptor.swift */; };
		AFE343872289C4B300829AC1 /* SegmentedDemo.swift in Sources */ = {isa = PBXBuildFile; fileRef = AFE343862289C4B300829AC1 /* SegmentedDemo.swift */; };
		E24233DF223AAD1D008F24FB /* PotentialInstantSearch.swift in Sources */ = {isa = PBXBuildFile; fileRef = E24233DE223AAD1D008F24FB /* PotentialInstantSearch.swift */; };
		E24DC9D1222EB72B006F1EED /* AppDelegate.swift in Sources */ = {isa = PBXBuildFile; fileRef = E24DC9D0222EB72B006F1EED /* AppDelegate.swift */; };
		E24DC9D3222EB72B006F1EED /* SingleIndex.swift in Sources */ = {isa = PBXBuildFile; fileRef = E24DC9D2222EB72B006F1EED /* SingleIndex.swift */; };
		E24DC9D5222EB72B006F1EED /* MultiIndex.swift in Sources */ = {isa = PBXBuildFile; fileRef = E24DC9D4222EB72B006F1EED /* MultiIndex.swift */; };
		E24DC9D8222EB72B006F1EED /* Main.storyboard in Resources */ = {isa = PBXBuildFile; fileRef = E24DC9D6222EB72B006F1EED /* Main.storyboard */; };
		E24DC9DA222EB72C006F1EED /* Assets.xcassets in Resources */ = {isa = PBXBuildFile; fileRef = E24DC9D9222EB72C006F1EED /* Assets.xcassets */; };
		E24DC9DD222EB72C006F1EED /* LaunchScreen.storyboard in Resources */ = {isa = PBXBuildFile; fileRef = E24DC9DB222EB72C006F1EED /* LaunchScreen.storyboard */; };
		E24DC9E8222EB72C006F1EED /* development_pods_instantsearchTests.swift in Sources */ = {isa = PBXBuildFile; fileRef = E24DC9E7222EB72C006F1EED /* development_pods_instantsearchTests.swift */; };
		E265DBEA226EFFA4002DC989 /* RefinementsDemo.swift in Sources */ = {isa = PBXBuildFile; fileRef = E265DBE9226EFFA4002DC989 /* RefinementsDemo.swift */; };
		E265DBEC226F44FB002DC989 /* SelectionDataSource.swift in Sources */ = {isa = PBXBuildFile; fileRef = E265DBEB226F44FB002DC989 /* SelectionDataSource.swift */; };
		E265DBEE2273341D002DC989 /* FacetListTableController.swift in Sources */ = {isa = PBXBuildFile; fileRef = E265DBED2273341D002DC989 /* FacetListTableController.swift */; };
		E28C38F22236A78A0070BE3D /* RefinementList.swift in Sources */ = {isa = PBXBuildFile; fileRef = E28C38F12236A78A0070BE3D /* RefinementList.swift */; };
		E2E09E3D223276C800F3056D /* Helpers.swift in Sources */ = {isa = PBXBuildFile; fileRef = E2E09E3C223276C800F3056D /* Helpers.swift */; };
/* End PBXBuildFile section */

/* Begin PBXContainerItemProxy section */
		E24DC9E4222EB72C006F1EED /* PBXContainerItemProxy */ = {
			isa = PBXContainerItemProxy;
			containerPortal = E24DC9C5222EB72B006F1EED /* Project object */;
			proxyType = 1;
			remoteGlobalIDString = E24DC9CC222EB72B006F1EED;
			remoteInfo = "development-pods-instantsearch";
		};
/* End PBXContainerItemProxy section */

/* Begin PBXFileReference section */
		38057E60EE4A921AB878A260 /* Pods-development-pods-instantsearch.release.xcconfig */ = {isa = PBXFileReference; includeInIndex = 1; lastKnownFileType = text.xcconfig; name = "Pods-development-pods-instantsearch.release.xcconfig"; path = "Target Support Files/Pods-development-pods-instantsearch/Pods-development-pods-instantsearch.release.xcconfig"; sourceTree = "<group>"; };
		6CF06BA2662866DC7F8CA6D5 /* Pods-development-pods-instantsearchTests.release.xcconfig */ = {isa = PBXFileReference; includeInIndex = 1; lastKnownFileType = text.xcconfig; name = "Pods-development-pods-instantsearchTests.release.xcconfig"; path = "Target Support Files/Pods-development-pods-instantsearchTests/Pods-development-pods-instantsearchTests.release.xcconfig"; sourceTree = "<group>"; };
		A3124C071D3F19C1B835884C /* Pods_development_pods_instantsearchTests.framework */ = {isa = PBXFileReference; explicitFileType = wrapper.framework; includeInIndex = 0; path = Pods_development_pods_instantsearchTests.framework; sourceTree = BUILT_PRODUCTS_DIR; };
		AF2B261822836430006DE798 /* SegmentedController.swift */ = {isa = PBXFileReference; lastKnownFileType = sourcecode.swift; path = SegmentedController.swift; sourceTree = "<group>"; };
		AF536C30227C75FB006DAE84 /* SelectableFilterButtonController.swift */ = {isa = PBXFileReference; fileEncoding = 4; lastKnownFileType = sourcecode.swift; path = SelectableFilterButtonController.swift; sourceTree = "<group>"; };
		AF536C31227C75FB006DAE84 /* RefinementFilterSwitchController.swift */ = {isa = PBXFileReference; fileEncoding = 4; lastKnownFileType = sourcecode.swift; path = RefinementFilterSwitchController.swift; sourceTree = "<group>"; };
		AF536C34227C78AD006DAE84 /* ToggleDemo.swift */ = {isa = PBXFileReference; lastKnownFileType = sourcecode.swift; path = ToggleDemo.swift; sourceTree = "<group>"; };
		AF536C36227C7C79006DAE84 /* RefinementListDemo.swift */ = {isa = PBXFileReference; lastKnownFileType = sourcecode.swift; path = RefinementListDemo.swift; sourceTree = "<group>"; };
		AF536C382280671B006DAE84 /* DemoDescriptor.swift */ = {isa = PBXFileReference; lastKnownFileType = sourcecode.swift; path = DemoDescriptor.swift; sourceTree = "<group>"; };
		AFE343862289C4B300829AC1 /* SegmentedDemo.swift */ = {isa = PBXFileReference; lastKnownFileType = sourcecode.swift; path = SegmentedDemo.swift; sourceTree = "<group>"; };
		BE4725361587DFDC81F01BCB /* Pods_development_pods_instantsearch.framework */ = {isa = PBXFileReference; explicitFileType = wrapper.framework; includeInIndex = 0; path = Pods_development_pods_instantsearch.framework; sourceTree = BUILT_PRODUCTS_DIR; };
		C9A5A80DB939697E9B6CE6D3 /* Pods-development-pods-instantsearch.debug.xcconfig */ = {isa = PBXFileReference; includeInIndex = 1; lastKnownFileType = text.xcconfig; name = "Pods-development-pods-instantsearch.debug.xcconfig"; path = "Target Support Files/Pods-development-pods-instantsearch/Pods-development-pods-instantsearch.debug.xcconfig"; sourceTree = "<group>"; };
		E24233DE223AAD1D008F24FB /* PotentialInstantSearch.swift */ = {isa = PBXFileReference; lastKnownFileType = sourcecode.swift; path = PotentialInstantSearch.swift; sourceTree = "<group>"; };
		E24DC9CD222EB72B006F1EED /* development-pods-instantsearch.app */ = {isa = PBXFileReference; explicitFileType = wrapper.application; includeInIndex = 0; path = "development-pods-instantsearch.app"; sourceTree = BUILT_PRODUCTS_DIR; };
		E24DC9D0222EB72B006F1EED /* AppDelegate.swift */ = {isa = PBXFileReference; lastKnownFileType = sourcecode.swift; path = AppDelegate.swift; sourceTree = "<group>"; };
		E24DC9D2222EB72B006F1EED /* SingleIndex.swift */ = {isa = PBXFileReference; lastKnownFileType = sourcecode.swift; path = SingleIndex.swift; sourceTree = "<group>"; };
		E24DC9D4222EB72B006F1EED /* MultiIndex.swift */ = {isa = PBXFileReference; lastKnownFileType = sourcecode.swift; path = MultiIndex.swift; sourceTree = "<group>"; };
		E24DC9D7222EB72B006F1EED /* Base */ = {isa = PBXFileReference; lastKnownFileType = file.storyboard; name = Base; path = Base.lproj/Main.storyboard; sourceTree = "<group>"; };
		E24DC9D9222EB72C006F1EED /* Assets.xcassets */ = {isa = PBXFileReference; lastKnownFileType = folder.assetcatalog; path = Assets.xcassets; sourceTree = "<group>"; };
		E24DC9DC222EB72C006F1EED /* Base */ = {isa = PBXFileReference; lastKnownFileType = file.storyboard; name = Base; path = Base.lproj/LaunchScreen.storyboard; sourceTree = "<group>"; };
		E24DC9DE222EB72C006F1EED /* Info.plist */ = {isa = PBXFileReference; lastKnownFileType = text.plist.xml; path = Info.plist; sourceTree = "<group>"; };
		E24DC9E3222EB72C006F1EED /* development-pods-instantsearchTests.xctest */ = {isa = PBXFileReference; explicitFileType = wrapper.cfbundle; includeInIndex = 0; path = "development-pods-instantsearchTests.xctest"; sourceTree = BUILT_PRODUCTS_DIR; };
		E24DC9E7222EB72C006F1EED /* development_pods_instantsearchTests.swift */ = {isa = PBXFileReference; lastKnownFileType = sourcecode.swift; path = development_pods_instantsearchTests.swift; sourceTree = "<group>"; };
		E24DC9E9222EB72C006F1EED /* Info.plist */ = {isa = PBXFileReference; lastKnownFileType = text.plist.xml; path = Info.plist; sourceTree = "<group>"; };
		E265DBE9226EFFA4002DC989 /* RefinementsDemo.swift */ = {isa = PBXFileReference; lastKnownFileType = sourcecode.swift; path = RefinementsDemo.swift; sourceTree = "<group>"; };
		E265DBEB226F44FB002DC989 /* SelectionDataSource.swift */ = {isa = PBXFileReference; lastKnownFileType = sourcecode.swift; path = SelectionDataSource.swift; sourceTree = "<group>"; };
		E265DBED2273341D002DC989 /* FacetListTableController.swift */ = {isa = PBXFileReference; lastKnownFileType = sourcecode.swift; path = FacetListTableController.swift; sourceTree = "<group>"; };
		E28C38F12236A78A0070BE3D /* RefinementList.swift */ = {isa = PBXFileReference; lastKnownFileType = sourcecode.swift; path = RefinementList.swift; sourceTree = "<group>"; };
		E29E45712243FAAE005B358D /* SingleIndex.playground */ = {isa = PBXFileReference; lastKnownFileType = file.playground; path = SingleIndex.playground; sourceTree = "<group>"; xcLanguageSpecificationIdentifier = xcode.lang.swift; };
		E2E09E3C223276C800F3056D /* Helpers.swift */ = {isa = PBXFileReference; lastKnownFileType = sourcecode.swift; path = Helpers.swift; sourceTree = "<group>"; };
		F2062212BAF0883D11154F15 /* Pods-development-pods-instantsearchTests.debug.xcconfig */ = {isa = PBXFileReference; includeInIndex = 1; lastKnownFileType = text.xcconfig; name = "Pods-development-pods-instantsearchTests.debug.xcconfig"; path = "Target Support Files/Pods-development-pods-instantsearchTests/Pods-development-pods-instantsearchTests.debug.xcconfig"; sourceTree = "<group>"; };
/* End PBXFileReference section */

/* Begin PBXFrameworksBuildPhase section */
		E24DC9CA222EB72B006F1EED /* Frameworks */ = {
			isa = PBXFrameworksBuildPhase;
			buildActionMask = 2147483647;
			files = (
				A174DB7FFFE740D94F373ED6 /* Pods_development_pods_instantsearch.framework in Frameworks */,
			);
			runOnlyForDeploymentPostprocessing = 0;
		};
		E24DC9E0222EB72C006F1EED /* Frameworks */ = {
			isa = PBXFrameworksBuildPhase;
			buildActionMask = 2147483647;
			files = (
				9BE878203D48991B58641B3C /* Pods_development_pods_instantsearchTests.framework in Frameworks */,
			);
			runOnlyForDeploymentPostprocessing = 0;
		};
/* End PBXFrameworksBuildPhase section */

/* Begin PBXGroup section */
		7FCD9443E01293462FC4BF22 /* Pods */ = {
			isa = PBXGroup;
			children = (
				C9A5A80DB939697E9B6CE6D3 /* Pods-development-pods-instantsearch.debug.xcconfig */,
				38057E60EE4A921AB878A260 /* Pods-development-pods-instantsearch.release.xcconfig */,
				F2062212BAF0883D11154F15 /* Pods-development-pods-instantsearchTests.debug.xcconfig */,
				6CF06BA2662866DC7F8CA6D5 /* Pods-development-pods-instantsearchTests.release.xcconfig */,
			);
			path = Pods;
			sourceTree = "<group>";
		};
		E24DC9C4222EB72B006F1EED = {
			isa = PBXGroup;
			children = (
				E24DC9CF222EB72B006F1EED /* development-pods-instantsearch */,
				E24DC9E6222EB72C006F1EED /* development-pods-instantsearchTests */,
				E24DC9CE222EB72B006F1EED /* Products */,
				7FCD9443E01293462FC4BF22 /* Pods */,
				EFCE481FDBA1AD754B923D93 /* Frameworks */,
			);
			sourceTree = "<group>";
		};
		E24DC9CE222EB72B006F1EED /* Products */ = {
			isa = PBXGroup;
			children = (
				E24DC9CD222EB72B006F1EED /* development-pods-instantsearch.app */,
				E24DC9E3222EB72C006F1EED /* development-pods-instantsearchTests.xctest */,
			);
			name = Products;
			sourceTree = "<group>";
		};
		E24DC9CF222EB72B006F1EED /* development-pods-instantsearch */ = {
			isa = PBXGroup;
			children = (
				E29E45712243FAAE005B358D /* SingleIndex.playground */,
				E24DC9D0222EB72B006F1EED /* AppDelegate.swift */,
				AF536C382280671B006DAE84 /* DemoDescriptor.swift */,
				E24DC9D2222EB72B006F1EED /* SingleIndex.swift */,
				E24DC9D4222EB72B006F1EED /* MultiIndex.swift */,
				E28C38F12236A78A0070BE3D /* RefinementList.swift */,
				E265DBE9226EFFA4002DC989 /* RefinementsDemo.swift */,
				AF536C36227C7C79006DAE84 /* RefinementListDemo.swift */,
				AF536C34227C78AD006DAE84 /* ToggleDemo.swift */,
				AFE343862289C4B300829AC1 /* SegmentedDemo.swift */,
				E265DBED2273341D002DC989 /* FacetListTableController.swift */,
				AF2B261822836430006DE798 /* SegmentedController.swift */,
				AF536C30227C75FB006DAE84 /* SelectableFilterButtonController.swift */,
				AF536C31227C75FB006DAE84 /* RefinementFilterSwitchController.swift */,
				E265DBEB226F44FB002DC989 /* SelectionDataSource.swift */,
				E2E09E3C223276C800F3056D /* Helpers.swift */,
				E24233DE223AAD1D008F24FB /* PotentialInstantSearch.swift */,
				E24DC9D6222EB72B006F1EED /* Main.storyboard */,
				E24DC9D9222EB72C006F1EED /* Assets.xcassets */,
				E24DC9DB222EB72C006F1EED /* LaunchScreen.storyboard */,
				E24DC9DE222EB72C006F1EED /* Info.plist */,
			);
			path = "development-pods-instantsearch";
			sourceTree = "<group>";
		};
		E24DC9E6222EB72C006F1EED /* development-pods-instantsearchTests */ = {
			isa = PBXGroup;
			children = (
				E24DC9E7222EB72C006F1EED /* development_pods_instantsearchTests.swift */,
				E24DC9E9222EB72C006F1EED /* Info.plist */,
			);
			path = "development-pods-instantsearchTests";
			sourceTree = "<group>";
		};
		EFCE481FDBA1AD754B923D93 /* Frameworks */ = {
			isa = PBXGroup;
			children = (
				BE4725361587DFDC81F01BCB /* Pods_development_pods_instantsearch.framework */,
				A3124C071D3F19C1B835884C /* Pods_development_pods_instantsearchTests.framework */,
			);
			name = Frameworks;
			sourceTree = "<group>";
		};
/* End PBXGroup section */

/* Begin PBXNativeTarget section */
		E24DC9CC222EB72B006F1EED /* development-pods-instantsearch */ = {
			isa = PBXNativeTarget;
			buildConfigurationList = E24DC9EC222EB72C006F1EED /* Build configuration list for PBXNativeTarget "development-pods-instantsearch" */;
			buildPhases = (
				76E808EAB902B56B4B5AF160 /* [CP] Check Pods Manifest.lock */,
				E24DC9C9222EB72B006F1EED /* Sources */,
				E24DC9CA222EB72B006F1EED /* Frameworks */,
				E24DC9CB222EB72B006F1EED /* Resources */,
				D7C69ABE01D71DDEE1CAC7DC /* [CP] Embed Pods Frameworks */,
			);
			buildRules = (
			);
			dependencies = (
			);
			name = "development-pods-instantsearch";
			productName = "development-pods-instantsearch";
			productReference = E24DC9CD222EB72B006F1EED /* development-pods-instantsearch.app */;
			productType = "com.apple.product-type.application";
		};
		E24DC9E2222EB72C006F1EED /* development-pods-instantsearchTests */ = {
			isa = PBXNativeTarget;
			buildConfigurationList = E24DC9EF222EB72C006F1EED /* Build configuration list for PBXNativeTarget "development-pods-instantsearchTests" */;
			buildPhases = (
				CA7AA3D35846B5898B247A45 /* [CP] Check Pods Manifest.lock */,
				E24DC9DF222EB72C006F1EED /* Sources */,
				E24DC9E0222EB72C006F1EED /* Frameworks */,
				E24DC9E1222EB72C006F1EED /* Resources */,
			);
			buildRules = (
			);
			dependencies = (
				E24DC9E5222EB72C006F1EED /* PBXTargetDependency */,
			);
			name = "development-pods-instantsearchTests";
			productName = "development-pods-instantsearchTests";
			productReference = E24DC9E3222EB72C006F1EED /* development-pods-instantsearchTests.xctest */;
			productType = "com.apple.product-type.bundle.unit-test";
		};
/* End PBXNativeTarget section */

/* Begin PBXProject section */
		E24DC9C5222EB72B006F1EED /* Project object */ = {
			isa = PBXProject;
			attributes = {
				LastSwiftUpdateCheck = 1010;
				LastUpgradeCheck = 1010;
				ORGANIZATIONNAME = Algolia;
				TargetAttributes = {
					E24DC9CC222EB72B006F1EED = {
						CreatedOnToolsVersion = 10.1;
					};
					E24DC9E2222EB72C006F1EED = {
						CreatedOnToolsVersion = 10.1;
						TestTargetID = E24DC9CC222EB72B006F1EED;
					};
				};
			};
			buildConfigurationList = E24DC9C8222EB72B006F1EED /* Build configuration list for PBXProject "development-pods-instantsearch" */;
			compatibilityVersion = "Xcode 9.3";
			developmentRegion = en;
			hasScannedForEncodings = 0;
			knownRegions = (
				en,
				Base,
			);
			mainGroup = E24DC9C4222EB72B006F1EED;
			productRefGroup = E24DC9CE222EB72B006F1EED /* Products */;
			projectDirPath = "";
			projectRoot = "";
			targets = (
				E24DC9CC222EB72B006F1EED /* development-pods-instantsearch */,
				E24DC9E2222EB72C006F1EED /* development-pods-instantsearchTests */,
			);
		};
/* End PBXProject section */

/* Begin PBXResourcesBuildPhase section */
		E24DC9CB222EB72B006F1EED /* Resources */ = {
			isa = PBXResourcesBuildPhase;
			buildActionMask = 2147483647;
			files = (
				E24DC9DD222EB72C006F1EED /* LaunchScreen.storyboard in Resources */,
				E24DC9DA222EB72C006F1EED /* Assets.xcassets in Resources */,
				E24DC9D8222EB72B006F1EED /* Main.storyboard in Resources */,
			);
			runOnlyForDeploymentPostprocessing = 0;
		};
		E24DC9E1222EB72C006F1EED /* Resources */ = {
			isa = PBXResourcesBuildPhase;
			buildActionMask = 2147483647;
			files = (
			);
			runOnlyForDeploymentPostprocessing = 0;
		};
/* End PBXResourcesBuildPhase section */

/* Begin PBXShellScriptBuildPhase section */
		76E808EAB902B56B4B5AF160 /* [CP] Check Pods Manifest.lock */ = {
			isa = PBXShellScriptBuildPhase;
			buildActionMask = 2147483647;
			files = (
			);
			inputFileListPaths = (
			);
			inputPaths = (
				"${PODS_PODFILE_DIR_PATH}/Podfile.lock",
				"${PODS_ROOT}/Manifest.lock",
			);
			name = "[CP] Check Pods Manifest.lock";
			outputFileListPaths = (
			);
			outputPaths = (
				"$(DERIVED_FILE_DIR)/Pods-development-pods-instantsearch-checkManifestLockResult.txt",
			);
			runOnlyForDeploymentPostprocessing = 0;
			shellPath = /bin/sh;
			shellScript = "diff \"${PODS_PODFILE_DIR_PATH}/Podfile.lock\" \"${PODS_ROOT}/Manifest.lock\" > /dev/null\nif [ $? != 0 ] ; then\n    # print error to STDERR\n    echo \"error: The sandbox is not in sync with the Podfile.lock. Run 'pod install' or update your CocoaPods installation.\" >&2\n    exit 1\nfi\n# This output is used by Xcode 'outputs' to avoid re-running this script phase.\necho \"SUCCESS\" > \"${SCRIPT_OUTPUT_FILE_0}\"\n";
			showEnvVarsInLog = 0;
		};
		CA7AA3D35846B5898B247A45 /* [CP] Check Pods Manifest.lock */ = {
			isa = PBXShellScriptBuildPhase;
			buildActionMask = 2147483647;
			files = (
			);
			inputFileListPaths = (
			);
			inputPaths = (
				"${PODS_PODFILE_DIR_PATH}/Podfile.lock",
				"${PODS_ROOT}/Manifest.lock",
			);
			name = "[CP] Check Pods Manifest.lock";
			outputFileListPaths = (
			);
			outputPaths = (
				"$(DERIVED_FILE_DIR)/Pods-development-pods-instantsearchTests-checkManifestLockResult.txt",
			);
			runOnlyForDeploymentPostprocessing = 0;
			shellPath = /bin/sh;
			shellScript = "diff \"${PODS_PODFILE_DIR_PATH}/Podfile.lock\" \"${PODS_ROOT}/Manifest.lock\" > /dev/null\nif [ $? != 0 ] ; then\n    # print error to STDERR\n    echo \"error: The sandbox is not in sync with the Podfile.lock. Run 'pod install' or update your CocoaPods installation.\" >&2\n    exit 1\nfi\n# This output is used by Xcode 'outputs' to avoid re-running this script phase.\necho \"SUCCESS\" > \"${SCRIPT_OUTPUT_FILE_0}\"\n";
			showEnvVarsInLog = 0;
		};
		D7C69ABE01D71DDEE1CAC7DC /* [CP] Embed Pods Frameworks */ = {
			isa = PBXShellScriptBuildPhase;
			buildActionMask = 2147483647;
			files = (
			);
			inputFileListPaths = (
			);
			inputPaths = (
				"${PODS_ROOT}/Target Support Files/Pods-development-pods-instantsearch/Pods-development-pods-instantsearch-frameworks.sh",
				"${BUILT_PRODUCTS_DIR}/InstantSearch/InstantSearch.framework",
				"${BUILT_PRODUCTS_DIR}/InstantSearchClient/InstantSearchClient.framework",
				"${BUILT_PRODUCTS_DIR}/InstantSearchCore/InstantSearchCore.framework",
				"${BUILT_PRODUCTS_DIR}/Signals/Signals.framework",
			);
			name = "[CP] Embed Pods Frameworks";
			outputFileListPaths = (
			);
			outputPaths = (
				"${TARGET_BUILD_DIR}/${FRAMEWORKS_FOLDER_PATH}/InstantSearch.framework",
				"${TARGET_BUILD_DIR}/${FRAMEWORKS_FOLDER_PATH}/InstantSearchClient.framework",
				"${TARGET_BUILD_DIR}/${FRAMEWORKS_FOLDER_PATH}/InstantSearchCore.framework",
				"${TARGET_BUILD_DIR}/${FRAMEWORKS_FOLDER_PATH}/Signals.framework",
			);
			runOnlyForDeploymentPostprocessing = 0;
			shellPath = /bin/sh;
			shellScript = "\"${PODS_ROOT}/Target Support Files/Pods-development-pods-instantsearch/Pods-development-pods-instantsearch-frameworks.sh\"\n";
			showEnvVarsInLog = 0;
		};
/* End PBXShellScriptBuildPhase section */

/* Begin PBXSourcesBuildPhase section */
		E24DC9C9222EB72B006F1EED /* Sources */ = {
			isa = PBXSourcesBuildPhase;
			buildActionMask = 2147483647;
			files = (
				AF536C33227C75FB006DAE84 /* RefinementFilterSwitchController.swift in Sources */,
				E265DBEE2273341D002DC989 /* FacetListTableController.swift in Sources */,
				AF536C37227C7C79006DAE84 /* RefinementListDemo.swift in Sources */,
				E24DC9D5222EB72B006F1EED /* MultiIndex.swift in Sources */,
				E265DBEA226EFFA4002DC989 /* RefinementsDemo.swift in Sources */,
				E28C38F22236A78A0070BE3D /* RefinementList.swift in Sources */,
				E24233DF223AAD1D008F24FB /* PotentialInstantSearch.swift in Sources */,
				E24DC9D3222EB72B006F1EED /* SingleIndex.swift in Sources */,
				AF2B261922836430006DE798 /* SegmentedController.swift in Sources */,
				AF536C32227C75FB006DAE84 /* SelectableFilterButtonController.swift in Sources */,
				AF536C392280671B006DAE84 /* DemoDescriptor.swift in Sources */,
				E265DBEC226F44FB002DC989 /* SelectionDataSource.swift in Sources */,
				E24DC9D1222EB72B006F1EED /* AppDelegate.swift in Sources */,
				AF536C35227C78AD006DAE84 /* ToggleDemo.swift in Sources */,
				E2E09E3D223276C800F3056D /* Helpers.swift in Sources */,
				AFE343872289C4B300829AC1 /* SegmentedDemo.swift in Sources */,
			);
			runOnlyForDeploymentPostprocessing = 0;
		};
		E24DC9DF222EB72C006F1EED /* Sources */ = {
			isa = PBXSourcesBuildPhase;
			buildActionMask = 2147483647;
			files = (
				E24DC9E8222EB72C006F1EED /* development_pods_instantsearchTests.swift in Sources */,
			);
			runOnlyForDeploymentPostprocessing = 0;
		};
/* End PBXSourcesBuildPhase section */

/* Begin PBXTargetDependency section */
		E24DC9E5222EB72C006F1EED /* PBXTargetDependency */ = {
			isa = PBXTargetDependency;
			target = E24DC9CC222EB72B006F1EED /* development-pods-instantsearch */;
			targetProxy = E24DC9E4222EB72C006F1EED /* PBXContainerItemProxy */;
		};
/* End PBXTargetDependency section */

/* Begin PBXVariantGroup section */
		E24DC9D6222EB72B006F1EED /* Main.storyboard */ = {
			isa = PBXVariantGroup;
			children = (
				E24DC9D7222EB72B006F1EED /* Base */,
			);
			name = Main.storyboard;
			sourceTree = "<group>";
		};
		E24DC9DB222EB72C006F1EED /* LaunchScreen.storyboard */ = {
			isa = PBXVariantGroup;
			children = (
				E24DC9DC222EB72C006F1EED /* Base */,
			);
			name = LaunchScreen.storyboard;
			sourceTree = "<group>";
		};
/* End PBXVariantGroup section */

/* Begin XCBuildConfiguration section */
		E24DC9EA222EB72C006F1EED /* Debug */ = {
			isa = XCBuildConfiguration;
			buildSettings = {
				ALWAYS_SEARCH_USER_PATHS = NO;
				CLANG_ANALYZER_NONNULL = YES;
				CLANG_ANALYZER_NUMBER_OBJECT_CONVERSION = YES_AGGRESSIVE;
				CLANG_CXX_LANGUAGE_STANDARD = "gnu++14";
				CLANG_CXX_LIBRARY = "libc++";
				CLANG_ENABLE_MODULES = YES;
				CLANG_ENABLE_OBJC_ARC = YES;
				CLANG_ENABLE_OBJC_WEAK = YES;
				CLANG_WARN_BLOCK_CAPTURE_AUTORELEASING = YES;
				CLANG_WARN_BOOL_CONVERSION = YES;
				CLANG_WARN_COMMA = YES;
				CLANG_WARN_CONSTANT_CONVERSION = YES;
				CLANG_WARN_DEPRECATED_OBJC_IMPLEMENTATIONS = YES;
				CLANG_WARN_DIRECT_OBJC_ISA_USAGE = YES_ERROR;
				CLANG_WARN_DOCUMENTATION_COMMENTS = YES;
				CLANG_WARN_EMPTY_BODY = YES;
				CLANG_WARN_ENUM_CONVERSION = YES;
				CLANG_WARN_INFINITE_RECURSION = YES;
				CLANG_WARN_INT_CONVERSION = YES;
				CLANG_WARN_NON_LITERAL_NULL_CONVERSION = YES;
				CLANG_WARN_OBJC_IMPLICIT_RETAIN_SELF = YES;
				CLANG_WARN_OBJC_LITERAL_CONVERSION = YES;
				CLANG_WARN_OBJC_ROOT_CLASS = YES_ERROR;
				CLANG_WARN_RANGE_LOOP_ANALYSIS = YES;
				CLANG_WARN_STRICT_PROTOTYPES = YES;
				CLANG_WARN_SUSPICIOUS_MOVE = YES;
				CLANG_WARN_UNGUARDED_AVAILABILITY = YES_AGGRESSIVE;
				CLANG_WARN_UNREACHABLE_CODE = YES;
				CLANG_WARN__DUPLICATE_METHOD_MATCH = YES;
				CODE_SIGN_IDENTITY = "iPhone Developer";
				COPY_PHASE_STRIP = NO;
				DEBUG_INFORMATION_FORMAT = dwarf;
				ENABLE_STRICT_OBJC_MSGSEND = YES;
				ENABLE_TESTABILITY = YES;
				GCC_C_LANGUAGE_STANDARD = gnu11;
				GCC_DYNAMIC_NO_PIC = NO;
				GCC_NO_COMMON_BLOCKS = YES;
				GCC_OPTIMIZATION_LEVEL = 0;
				GCC_PREPROCESSOR_DEFINITIONS = (
					"DEBUG=1",
					"$(inherited)",
				);
				GCC_WARN_64_TO_32_BIT_CONVERSION = YES;
				GCC_WARN_ABOUT_RETURN_TYPE = YES_ERROR;
				GCC_WARN_UNDECLARED_SELECTOR = YES;
				GCC_WARN_UNINITIALIZED_AUTOS = YES_AGGRESSIVE;
				GCC_WARN_UNUSED_FUNCTION = YES;
				GCC_WARN_UNUSED_VARIABLE = YES;
				IPHONEOS_DEPLOYMENT_TARGET = 12.1;
				MTL_ENABLE_DEBUG_INFO = INCLUDE_SOURCE;
				MTL_FAST_MATH = YES;
				ONLY_ACTIVE_ARCH = YES;
				SDKROOT = iphoneos;
				SWIFT_ACTIVE_COMPILATION_CONDITIONS = DEBUG;
				SWIFT_OPTIMIZATION_LEVEL = "-Onone";
			};
			name = Debug;
		};
		E24DC9EB222EB72C006F1EED /* Release */ = {
			isa = XCBuildConfiguration;
			buildSettings = {
				ALWAYS_SEARCH_USER_PATHS = NO;
				CLANG_ANALYZER_NONNULL = YES;
				CLANG_ANALYZER_NUMBER_OBJECT_CONVERSION = YES_AGGRESSIVE;
				CLANG_CXX_LANGUAGE_STANDARD = "gnu++14";
				CLANG_CXX_LIBRARY = "libc++";
				CLANG_ENABLE_MODULES = YES;
				CLANG_ENABLE_OBJC_ARC = YES;
				CLANG_ENABLE_OBJC_WEAK = YES;
				CLANG_WARN_BLOCK_CAPTURE_AUTORELEASING = YES;
				CLANG_WARN_BOOL_CONVERSION = YES;
				CLANG_WARN_COMMA = YES;
				CLANG_WARN_CONSTANT_CONVERSION = YES;
				CLANG_WARN_DEPRECATED_OBJC_IMPLEMENTATIONS = YES;
				CLANG_WARN_DIRECT_OBJC_ISA_USAGE = YES_ERROR;
				CLANG_WARN_DOCUMENTATION_COMMENTS = YES;
				CLANG_WARN_EMPTY_BODY = YES;
				CLANG_WARN_ENUM_CONVERSION = YES;
				CLANG_WARN_INFINITE_RECURSION = YES;
				CLANG_WARN_INT_CONVERSION = YES;
				CLANG_WARN_NON_LITERAL_NULL_CONVERSION = YES;
				CLANG_WARN_OBJC_IMPLICIT_RETAIN_SELF = YES;
				CLANG_WARN_OBJC_LITERAL_CONVERSION = YES;
				CLANG_WARN_OBJC_ROOT_CLASS = YES_ERROR;
				CLANG_WARN_RANGE_LOOP_ANALYSIS = YES;
				CLANG_WARN_STRICT_PROTOTYPES = YES;
				CLANG_WARN_SUSPICIOUS_MOVE = YES;
				CLANG_WARN_UNGUARDED_AVAILABILITY = YES_AGGRESSIVE;
				CLANG_WARN_UNREACHABLE_CODE = YES;
				CLANG_WARN__DUPLICATE_METHOD_MATCH = YES;
				CODE_SIGN_IDENTITY = "iPhone Developer";
				COPY_PHASE_STRIP = NO;
				DEBUG_INFORMATION_FORMAT = "dwarf-with-dsym";
				ENABLE_NS_ASSERTIONS = NO;
				ENABLE_STRICT_OBJC_MSGSEND = YES;
				GCC_C_LANGUAGE_STANDARD = gnu11;
				GCC_NO_COMMON_BLOCKS = YES;
				GCC_WARN_64_TO_32_BIT_CONVERSION = YES;
				GCC_WARN_ABOUT_RETURN_TYPE = YES_ERROR;
				GCC_WARN_UNDECLARED_SELECTOR = YES;
				GCC_WARN_UNINITIALIZED_AUTOS = YES_AGGRESSIVE;
				GCC_WARN_UNUSED_FUNCTION = YES;
				GCC_WARN_UNUSED_VARIABLE = YES;
				IPHONEOS_DEPLOYMENT_TARGET = 12.1;
				MTL_ENABLE_DEBUG_INFO = NO;
				MTL_FAST_MATH = YES;
				SDKROOT = iphoneos;
				SWIFT_COMPILATION_MODE = wholemodule;
				SWIFT_OPTIMIZATION_LEVEL = "-O";
				VALIDATE_PRODUCT = YES;
			};
			name = Release;
		};
		E24DC9ED222EB72C006F1EED /* Debug */ = {
			isa = XCBuildConfiguration;
			baseConfigurationReference = C9A5A80DB939697E9B6CE6D3 /* Pods-development-pods-instantsearch.debug.xcconfig */;
			buildSettings = {
				ASSETCATALOG_COMPILER_APPICON_NAME = AppIcon;
				CODE_SIGN_STYLE = Automatic;
				DEVELOPMENT_TEAM = 6T2VU67VTL;
				INFOPLIST_FILE = "development-pods-instantsearch/Info.plist";
				LD_RUNPATH_SEARCH_PATHS = (
					"$(inherited)",
					"@executable_path/Frameworks",
				);
				PRODUCT_BUNDLE_IDENTIFIER = "com.algolia.development-pods-instantsearch";
				PRODUCT_NAME = "$(TARGET_NAME)";
				SWIFT_VERSION = 5.0;
				TARGETED_DEVICE_FAMILY = "1,2";
			};
			name = Debug;
		};
		E24DC9EE222EB72C006F1EED /* Release */ = {
			isa = XCBuildConfiguration;
			baseConfigurationReference = 38057E60EE4A921AB878A260 /* Pods-development-pods-instantsearch.release.xcconfig */;
			buildSettings = {
				ASSETCATALOG_COMPILER_APPICON_NAME = AppIcon;
				CODE_SIGN_STYLE = Automatic;
				DEVELOPMENT_TEAM = 6T2VU67VTL;
				INFOPLIST_FILE = "development-pods-instantsearch/Info.plist";
				LD_RUNPATH_SEARCH_PATHS = (
					"$(inherited)",
					"@executable_path/Frameworks",
				);
				PRODUCT_BUNDLE_IDENTIFIER = "com.algolia.development-pods-instantsearch";
				PRODUCT_NAME = "$(TARGET_NAME)";
				SWIFT_VERSION = 5.0;
				TARGETED_DEVICE_FAMILY = "1,2";
			};
			name = Release;
		};
		E24DC9F0222EB72C006F1EED /* Debug */ = {
			isa = XCBuildConfiguration;
			baseConfigurationReference = F2062212BAF0883D11154F15 /* Pods-development-pods-instantsearchTests.debug.xcconfig */;
			buildSettings = {
				ALWAYS_EMBED_SWIFT_STANDARD_LIBRARIES = YES;
				BUNDLE_LOADER = "$(TEST_HOST)";
				CODE_SIGN_STYLE = Automatic;
				DEVELOPMENT_TEAM = K3DV6EU9CV;
				INFOPLIST_FILE = "development-pods-instantsearchTests/Info.plist";
				LD_RUNPATH_SEARCH_PATHS = (
					"$(inherited)",
					"@executable_path/Frameworks",
					"@loader_path/Frameworks",
				);
				PRODUCT_BUNDLE_IDENTIFIER = "com.algolia.development-pods-instantsearchTests";
				PRODUCT_NAME = "$(TARGET_NAME)";
				SWIFT_VERSION = 5.0;
				TARGETED_DEVICE_FAMILY = "1,2";
				TEST_HOST = "$(BUILT_PRODUCTS_DIR)/development-pods-instantsearch.app/development-pods-instantsearch";
			};
			name = Debug;
		};
		E24DC9F1222EB72C006F1EED /* Release */ = {
			isa = XCBuildConfiguration;
			baseConfigurationReference = 6CF06BA2662866DC7F8CA6D5 /* Pods-development-pods-instantsearchTests.release.xcconfig */;
			buildSettings = {
				ALWAYS_EMBED_SWIFT_STANDARD_LIBRARIES = YES;
				BUNDLE_LOADER = "$(TEST_HOST)";
				CODE_SIGN_STYLE = Automatic;
				DEVELOPMENT_TEAM = K3DV6EU9CV;
				INFOPLIST_FILE = "development-pods-instantsearchTests/Info.plist";
				LD_RUNPATH_SEARCH_PATHS = (
					"$(inherited)",
					"@executable_path/Frameworks",
					"@loader_path/Frameworks",
				);
				PRODUCT_BUNDLE_IDENTIFIER = "com.algolia.development-pods-instantsearchTests";
				PRODUCT_NAME = "$(TARGET_NAME)";
				SWIFT_VERSION = 5.0;
				TARGETED_DEVICE_FAMILY = "1,2";
				TEST_HOST = "$(BUILT_PRODUCTS_DIR)/development-pods-instantsearch.app/development-pods-instantsearch";
			};
			name = Release;
		};
/* End XCBuildConfiguration section */

/* Begin XCConfigurationList section */
		E24DC9C8222EB72B006F1EED /* Build configuration list for PBXProject "development-pods-instantsearch" */ = {
			isa = XCConfigurationList;
			buildConfigurations = (
				E24DC9EA222EB72C006F1EED /* Debug */,
				E24DC9EB222EB72C006F1EED /* Release */,
			);
			defaultConfigurationIsVisible = 0;
			defaultConfigurationName = Release;
		};
		E24DC9EC222EB72C006F1EED /* Build configuration list for PBXNativeTarget "development-pods-instantsearch" */ = {
			isa = XCConfigurationList;
			buildConfigurations = (
				E24DC9ED222EB72C006F1EED /* Debug */,
				E24DC9EE222EB72C006F1EED /* Release */,
			);
			defaultConfigurationIsVisible = 0;
			defaultConfigurationName = Release;
		};
		E24DC9EF222EB72C006F1EED /* Build configuration list for PBXNativeTarget "development-pods-instantsearchTests" */ = {
			isa = XCConfigurationList;
			buildConfigurations = (
				E24DC9F0222EB72C006F1EED /* Debug */,
				E24DC9F1222EB72C006F1EED /* Release */,
			);
			defaultConfigurationIsVisible = 0;
			defaultConfigurationName = Release;
		};
/* End XCConfigurationList section */
	};
	rootObject = E24DC9C5222EB72B006F1EED /* Project object */;
}
